// !$*UTF8*$!
{
	archiveVersion = 1;
	classes = {
	};
	objectVersion = 46;
	objects = {

/* Begin PBXBuildFile section */
		011BDF2E71A1C1EA707DB63B /* StatusChipView.swift in Sources */ = {isa = PBXBuildFile; fileRef = 26B4321F89CC982F2C785974 /* StatusChipView.swift */; };
		03450E4599319133BFFC607D /* Cocoa.framework in Frameworks */ = {isa = PBXBuildFile; fileRef = 29252612ABA203854CDD0D10 /* Cocoa.framework */; };
		12BCE7F9BE59F76DF0A3C60A /* SettingsView.swift in Sources */ = {isa = PBXBuildFile; fileRef = AF358A210B0EA4E149474CE9 /* SettingsView.swift */; };
		1AAC80865970DF5FDAC3F4DB /* AudioLevelAnimationView.swift in Sources */ = {isa = PBXBuildFile; fileRef = 7A8BC214C5E6424531680D4B /* AudioLevelAnimationView.swift */; };
		1BE68E9CB41289E2491ED293 /* GlassStylingStrategy.swift in Sources */ = {isa = PBXBuildFile; fileRef = 683D460B9085C02889F30CDE /* GlassStylingStrategy.swift */; };
		30DF30DB8918B68F9C0C5E77 /* SessionRowView.swift in Sources */ = {isa = PBXBuildFile; fileRef = DF54E69AAA67E4D2B8DC28FE /* SessionRowView.swift */; };
		4618617D29D04AC6D3E63AA3 /* CodexTestDoubles.swift in Sources */ = {isa = PBXBuildFile; fileRef = 978627C9DCE0D7B467AFAEFE /* CodexTestDoubles.swift */; };
		4A5D7098969140E4D625A8DA /* CodexAudioMonitorApp.swift in Sources */ = {isa = PBXBuildFile; fileRef = D16F4181395108F0B6F8D936 /* CodexAudioMonitorApp.swift */; };
		4EF26AC09C6E54074F96BB91 /* AudioProcessMonitor.swift in Sources */ = {isa = PBXBuildFile; fileRef = 90238B0E7080A00D2D47B7D2 /* AudioProcessMonitor.swift */; };
		4F70180E0CA8FFDECA83CD54 /* AudioMonitorError.swift in Sources */ = {isa = PBXBuildFile; fileRef = 20FDFE5C4B5C112ADBC286F9 /* AudioMonitorError.swift */; };
		6449E80DD9621910E9F76CFE /* CodexIntegrationError.swift in Sources */ = {isa = PBXBuildFile; fileRef = 194CAF029B4D2F1DCB31CCED /* CodexIntegrationError.swift */; };
		65821BE967988DA0381A2079 /* CoreAudioProcessSnapshotProvider.swift in Sources */ = {isa = PBXBuildFile; fileRef = 26022AF1261FC8468A53451F /* CoreAudioProcessSnapshotProvider.swift */; };
		69B36F096CD73D219E5FE107 /* ProcessRunner.swift in Sources */ = {isa = PBXBuildFile; fileRef = 7B645CBB8827671E0B034983 /* ProcessRunner.swift */; };
		77C135C414B8D1398E6BBC87 /* AudioSession.swift in Sources */ = {isa = PBXBuildFile; fileRef = AEBCA252DA08DEA0495D4E24 /* AudioSession.swift */; };
		794A26F3F6280BB3497C5396 /* AudioMonitoringService.swift in Sources */ = {isa = PBXBuildFile; fileRef = FED832B3EB96223D45127DB0 /* AudioMonitoringService.swift */; };
		7B569EBC6D8CCB3B6607B039 /* CodexConnectivityLiveTests.swift in Sources */ = {isa = PBXBuildFile; fileRef = F3ACF75C02B80F6DBDCD43B0 /* CodexConnectivityLiveTests.swift */; };
		862663C806CFBF126D6B635C /* CodexRuntimeControllerTests.swift in Sources */ = {isa = PBXBuildFile; fileRef = 4A544682F8655D9A5AD75F3A /* CodexRuntimeControllerTests.swift */; };
		9279090BCC7FEBCF61E66966 /* CodexActionPlan.swift in Sources */ = {isa = PBXBuildFile; fileRef = 8083E4D2FA07E152ACD66B15 /* CodexActionPlan.swift */; };
		94A08A3D372032B8DB9D9F6F /* CodexAuthState.swift in Sources */ = {isa = PBXBuildFile; fileRef = 48D8479EDD2403E611F2F5EB /* CodexAuthState.swift */; };
		9F1E84418F89A3116C870D5F /* CodexCommandExecutor.swift in Sources */ = {isa = PBXBuildFile; fileRef = A5C5116C2705B5F9F4466C3B /* CodexCommandExecutor.swift */; };
		A17A83A97B3D35AA53C26C1D /* CoreAudioTapMuteBackend.swift in Sources */ = {isa = PBXBuildFile; fileRef = CFF9BB2BAEAA4076DA8143EA /* CoreAudioTapMuteBackend.swift */; };
		B5BA74A3642ABF4E4315AD38 /* CodexOAuthCredentials.swift in Sources */ = {isa = PBXBuildFile; fileRef = 45C54110480AD019C5492991 /* CodexOAuthCredentials.swift */; };
		B95FA6EB8518E0367A294667 /* CodexCLIIntegrationServiceTests.swift in Sources */ = {isa = PBXBuildFile; fileRef = 311C6C8DAA54727E17984624 /* CodexCLIIntegrationServiceTests.swift */; };
		C47C32A60B32C9529DFE63DB /* CodexIntegrationService.swift in Sources */ = {isa = PBXBuildFile; fileRef = 4E3550015B52EB5C0988C98A /* CodexIntegrationService.swift */; };
		CDF11FF906ED22AF98C45C2C /* CodexConnectivityReport.swift in Sources */ = {isa = PBXBuildFile; fileRef = 6FD4A9EA18AEA0FB193F9A4D /* CodexConnectivityReport.swift */; };
		D167156B04FB09C8B317F64E /* CodexRuntimeController.swift in Sources */ = {isa = PBXBuildFile; fileRef = C6892A687244FE6264C48CF0 /* CodexRuntimeController.swift */; };
		D3FA2FCF96FA6EC9853A2FC9 /* AudioProcessSnapshot.swift in Sources */ = {isa = PBXBuildFile; fileRef = 91D2F24FB61079ED7B124D33 /* AudioProcessSnapshot.swift */; };
		DD733B1A4B1F4100D1E72B15 /* DesignTokens.swift in Sources */ = {isa = PBXBuildFile; fileRef = 3ADD6E51F39D4A6E2E705EE7 /* DesignTokens.swift */; };
		E373B23E33345BA71B1CE507 /* CodexLoginRunner.swift in Sources */ = {isa = PBXBuildFile; fileRef = 5918A0A4E794375F99B70936 /* CodexLoginRunner.swift */; };
		E413B6BABDB1E8358F1141A0 /* CodexBinaryLocator.swift in Sources */ = {isa = PBXBuildFile; fileRef = E9FCB2F8EB656F22868841F3 /* CodexBinaryLocator.swift */; };
		E4A90C1B9D9218030871BCD9 /* AudioMenuView.swift in Sources */ = {isa = PBXBuildFile; fileRef = 512EAED68060CAB9E7991857 /* AudioMenuView.swift */; };
		E5D7B414F62C091537B4FE2C /* AudioMuteBackend.swift in Sources */ = {isa = PBXBuildFile; fileRef = C4EFAB36F5A841D9FC5B35C7 /* AudioMuteBackend.swift */; };
		F3E1A3247BCC92352B564599 /* CodexStatusCardView.swift in Sources */ = {isa = PBXBuildFile; fileRef = 88F9720F6AA4FB58B299AC2B /* CodexStatusCardView.swift */; };
		F547182A49DEE045130C85DB /* Cocoa.framework in Frameworks */ = {isa = PBXBuildFile; fileRef = 29252612ABA203854CDD0D10 /* Cocoa.framework */; };
		F8C1CAAA1C3D6B020DC97EDB /* CoreAudioOutputVolumeController.swift in Sources */ = {isa = PBXBuildFile; fileRef = E2C3A059C4B2696F20F98200 /* CoreAudioOutputVolumeController.swift */; };
		FC2C019672D4E1613632FFD9 /* CodexCLIIntegrationService.swift in Sources */ = {isa = PBXBuildFile; fileRef = A777A7F03AC1879E6FA4100D /* CodexCLIIntegrationService.swift */; };
/* End PBXBuildFile section */

/* Begin PBXContainerItemProxy section */
		0A3C9BDC653A8B875CD99EB8 /* PBXContainerItemProxy */ = {
			isa = PBXContainerItemProxy;
			containerPortal = AF25E66E365D581FC5E55573 /* Project object */;
			proxyType = 1;
			remoteGlobalIDString = 73144F8EC4AF29E771351796;
			remoteInfo = CodexAudioMonitorApp;
		};
/* End PBXContainerItemProxy section */

/* Begin PBXFileReference section */
		194CAF029B4D2F1DCB31CCED /* CodexIntegrationError.swift */ = {isa = PBXFileReference; includeInIndex = 1; lastKnownFileType = sourcecode.swift; path = CodexIntegrationError.swift; sourceTree = "<group>"; };
		20FDFE5C4B5C112ADBC286F9 /* AudioMonitorError.swift */ = {isa = PBXFileReference; includeInIndex = 1; lastKnownFileType = sourcecode.swift; path = AudioMonitorError.swift; sourceTree = "<group>"; };
		26022AF1261FC8468A53451F /* CoreAudioProcessSnapshotProvider.swift */ = {isa = PBXFileReference; includeInIndex = 1; lastKnownFileType = sourcecode.swift; path = CoreAudioProcessSnapshotProvider.swift; sourceTree = "<group>"; };
		26B4321F89CC982F2C785974 /* StatusChipView.swift */ = {isa = PBXFileReference; includeInIndex = 1; lastKnownFileType = sourcecode.swift; path = StatusChipView.swift; sourceTree = "<group>"; };
		29252612ABA203854CDD0D10 /* Cocoa.framework */ = {isa = PBXFileReference; lastKnownFileType = wrapper.framework; name = Cocoa.framework; path = Platforms/MacOSX.platform/Developer/SDKs/MacOSX10.15.sdk/System/Library/Frameworks/Cocoa.framework; sourceTree = DEVELOPER_DIR; };
		311C6C8DAA54727E17984624 /* CodexCLIIntegrationServiceTests.swift */ = {isa = PBXFileReference; includeInIndex = 1; lastKnownFileType = sourcecode.swift; path = CodexCLIIntegrationServiceTests.swift; sourceTree = "<group>"; };
		3ADD6E51F39D4A6E2E705EE7 /* DesignTokens.swift */ = {isa = PBXFileReference; includeInIndex = 1; lastKnownFileType = sourcecode.swift; path = DesignTokens.swift; sourceTree = "<group>"; };
		45C54110480AD019C5492991 /* CodexOAuthCredentials.swift */ = {isa = PBXFileReference; includeInIndex = 1; lastKnownFileType = sourcecode.swift; path = CodexOAuthCredentials.swift; sourceTree = "<group>"; };
		48D8479EDD2403E611F2F5EB /* CodexAuthState.swift */ = {isa = PBXFileReference; includeInIndex = 1; lastKnownFileType = sourcecode.swift; path = CodexAuthState.swift; sourceTree = "<group>"; };
		49B3EFF032DCB1264B0C92A8 /* CodexAudioMonitorApp.app */ = {isa = PBXFileReference; explicitFileType = wrapper.application; includeInIndex = 0; path = CodexAudioMonitorApp.app; sourceTree = BUILT_PRODUCTS_DIR; };
		4A544682F8655D9A5AD75F3A /* CodexRuntimeControllerTests.swift */ = {isa = PBXFileReference; includeInIndex = 1; lastKnownFileType = sourcecode.swift; path = CodexRuntimeControllerTests.swift; sourceTree = "<group>"; };
		4E3550015B52EB5C0988C98A /* CodexIntegrationService.swift */ = {isa = PBXFileReference; includeInIndex = 1; lastKnownFileType = sourcecode.swift; path = CodexIntegrationService.swift; sourceTree = "<group>"; };
		512EAED68060CAB9E7991857 /* AudioMenuView.swift */ = {isa = PBXFileReference; includeInIndex = 1; lastKnownFileType = sourcecode.swift; path = AudioMenuView.swift; sourceTree = "<group>"; };
		5918A0A4E794375F99B70936 /* CodexLoginRunner.swift */ = {isa = PBXFileReference; includeInIndex = 1; lastKnownFileType = sourcecode.swift; path = CodexLoginRunner.swift; sourceTree = "<group>"; };
		683D460B9085C02889F30CDE /* GlassStylingStrategy.swift */ = {isa = PBXFileReference; includeInIndex = 1; lastKnownFileType = sourcecode.swift; path = GlassStylingStrategy.swift; sourceTree = "<group>"; };
		6FD4A9EA18AEA0FB193F9A4D /* CodexConnectivityReport.swift */ = {isa = PBXFileReference; includeInIndex = 1; lastKnownFileType = sourcecode.swift; path = CodexConnectivityReport.swift; sourceTree = "<group>"; };
		7A8BC214C5E6424531680D4B /* AudioLevelAnimationView.swift */ = {isa = PBXFileReference; includeInIndex = 1; lastKnownFileType = sourcecode.swift; path = AudioLevelAnimationView.swift; sourceTree = "<group>"; };
		7B645CBB8827671E0B034983 /* ProcessRunner.swift */ = {isa = PBXFileReference; includeInIndex = 1; lastKnownFileType = sourcecode.swift; path = ProcessRunner.swift; sourceTree = "<group>"; };
		8083E4D2FA07E152ACD66B15 /* CodexActionPlan.swift */ = {isa = PBXFileReference; includeInIndex = 1; lastKnownFileType = sourcecode.swift; path = CodexActionPlan.swift; sourceTree = "<group>"; };
		88F9720F6AA4FB58B299AC2B /* CodexStatusCardView.swift */ = {isa = PBXFileReference; includeInIndex = 1; lastKnownFileType = sourcecode.swift; path = CodexStatusCardView.swift; sourceTree = "<group>"; };
		90238B0E7080A00D2D47B7D2 /* AudioProcessMonitor.swift */ = {isa = PBXFileReference; includeInIndex = 1; lastKnownFileType = sourcecode.swift; path = AudioProcessMonitor.swift; sourceTree = "<group>"; };
		91D2F24FB61079ED7B124D33 /* AudioProcessSnapshot.swift */ = {isa = PBXFileReference; includeInIndex = 1; lastKnownFileType = sourcecode.swift; path = AudioProcessSnapshot.swift; sourceTree = "<group>"; };
		978627C9DCE0D7B467AFAEFE /* CodexTestDoubles.swift */ = {isa = PBXFileReference; includeInIndex = 1; lastKnownFileType = sourcecode.swift; path = CodexTestDoubles.swift; sourceTree = "<group>"; };
		A5C5116C2705B5F9F4466C3B /* CodexCommandExecutor.swift */ = {isa = PBXFileReference; includeInIndex = 1; lastKnownFileType = sourcecode.swift; path = CodexCommandExecutor.swift; sourceTree = "<group>"; };
		A777A7F03AC1879E6FA4100D /* CodexCLIIntegrationService.swift */ = {isa = PBXFileReference; includeInIndex = 1; lastKnownFileType = sourcecode.swift; path = CodexCLIIntegrationService.swift; sourceTree = "<group>"; };
		AEBCA252DA08DEA0495D4E24 /* AudioSession.swift */ = {isa = PBXFileReference; includeInIndex = 1; lastKnownFileType = sourcecode.swift; path = AudioSession.swift; sourceTree = "<group>"; };
		AF358A210B0EA4E149474CE9 /* SettingsView.swift */ = {isa = PBXFileReference; includeInIndex = 1; lastKnownFileType = sourcecode.swift; path = SettingsView.swift; sourceTree = "<group>"; };
		C4EFAB36F5A841D9FC5B35C7 /* AudioMuteBackend.swift */ = {isa = PBXFileReference; includeInIndex = 1; lastKnownFileType = sourcecode.swift; path = AudioMuteBackend.swift; sourceTree = "<group>"; };
		C6892A687244FE6264C48CF0 /* CodexRuntimeController.swift */ = {isa = PBXFileReference; includeInIndex = 1; lastKnownFileType = sourcecode.swift; path = CodexRuntimeController.swift; sourceTree = "<group>"; };
		CFF9BB2BAEAA4076DA8143EA /* CoreAudioTapMuteBackend.swift */ = {isa = PBXFileReference; includeInIndex = 1; lastKnownFileType = sourcecode.swift; path = CoreAudioTapMuteBackend.swift; sourceTree = "<group>"; };
		D16F4181395108F0B6F8D936 /* CodexAudioMonitorApp.swift */ = {isa = PBXFileReference; includeInIndex = 1; lastKnownFileType = sourcecode.swift; path = CodexAudioMonitorApp.swift; sourceTree = "<group>"; };
		DF54E69AAA67E4D2B8DC28FE /* SessionRowView.swift */ = {isa = PBXFileReference; includeInIndex = 1; lastKnownFileType = sourcecode.swift; path = SessionRowView.swift; sourceTree = "<group>"; };
		E261D3C164DCDB9C1780E04A /* CodexAudioMonitorTests.xctest */ = {isa = PBXFileReference; explicitFileType = wrapper.cfbundle; includeInIndex = 0; path = CodexAudioMonitorTests.xctest; sourceTree = BUILT_PRODUCTS_DIR; };
		E2C3A059C4B2696F20F98200 /* CoreAudioOutputVolumeController.swift */ = {isa = PBXFileReference; includeInIndex = 1; lastKnownFileType = sourcecode.swift; path = CoreAudioOutputVolumeController.swift; sourceTree = "<group>"; };
		E9FCB2F8EB656F22868841F3 /* CodexBinaryLocator.swift */ = {isa = PBXFileReference; includeInIndex = 1; lastKnownFileType = sourcecode.swift; path = CodexBinaryLocator.swift; sourceTree = "<group>"; };
		F3ACF75C02B80F6DBDCD43B0 /* CodexConnectivityLiveTests.swift */ = {isa = PBXFileReference; includeInIndex = 1; lastKnownFileType = sourcecode.swift; path = CodexConnectivityLiveTests.swift; sourceTree = "<group>"; };
		FED832B3EB96223D45127DB0 /* AudioMonitoringService.swift */ = {isa = PBXFileReference; includeInIndex = 1; lastKnownFileType = sourcecode.swift; path = AudioMonitoringService.swift; sourceTree = "<group>"; };
/* End PBXFileReference section */

/* Begin PBXFrameworksBuildPhase section */
		359DF0138031FBFCF87C2099 /* Frameworks */ = {
			isa = PBXFrameworksBuildPhase;
			buildActionMask = 2147483647;
			files = (
				03450E4599319133BFFC607D /* Cocoa.framework in Frameworks */,
			);
			runOnlyForDeploymentPostprocessing = 0;
		};
		F7EB64014F0687D20374757F /* Frameworks */ = {
			isa = PBXFrameworksBuildPhase;
			buildActionMask = 2147483647;
			files = (
				F547182A49DEE045130C85DB /* Cocoa.framework in Frameworks */,
			);
			runOnlyForDeploymentPostprocessing = 0;
		};
/* End PBXFrameworksBuildPhase section */

/* Begin PBXGroup section */
		209C784498A4829BBE480E26 /* CodexAudioMonitor */ = {
			isa = PBXGroup;
			children = (
				88B0EDD378109DCACEB34469 /* App */,
				5A60594EE54E42C8F98CE548 /* Core */,
				2346112734E918DA3591F201 /* Infrastructure */,
				56BAD790AB1B4E3B5B1B25E8 /* UI */,
			);
			name = CodexAudioMonitor;
			path = CodexAudioMonitor;
			sourceTree = "<group>";
		};
		2346112734E918DA3591F201 /* Infrastructure */ = {
			isa = PBXGroup;
			children = (
				7B645CBB8827671E0B034983 /* ProcessRunner.swift */,
			);
			name = Infrastructure;
			path = Infrastructure;
			sourceTree = "<group>";
		};
		2475FF58B41C28573C9BA5EC /* TestDoubles */ = {
			isa = PBXGroup;
			children = (
				978627C9DCE0D7B467AFAEFE /* CodexTestDoubles.swift */,
			);
			name = TestDoubles;
			path = TestDoubles;
			sourceTree = "<group>";
		};
		27E68DE0035603D0CAE94663 /* MenuBar */ = {
			isa = PBXGroup;
			children = (
				7A8BC214C5E6424531680D4B /* AudioLevelAnimationView.swift */,
				512EAED68060CAB9E7991857 /* AudioMenuView.swift */,
				88F9720F6AA4FB58B299AC2B /* CodexStatusCardView.swift */,
				DF54E69AAA67E4D2B8DC28FE /* SessionRowView.swift */,
				AF358A210B0EA4E149474CE9 /* SettingsView.swift */,
				26B4321F89CC982F2C785974 /* StatusChipView.swift */,
			);
			name = MenuBar;
			path = MenuBar;
			sourceTree = "<group>";
		};
		4BF470E8688911D2ACF38D36 /* Sources */ = {
			isa = PBXGroup;
			children = (
				209C784498A4829BBE480E26 /* CodexAudioMonitor */,
			);
			name = Sources;
			path = Sources;
			sourceTree = "<group>";
		};
		4CADA9B6BF8E1772D010ED82 /* Tests */ = {
			isa = PBXGroup;
			children = (
				94E582602673D737D04836DC /* CodexAudioMonitorTests */,
			);
			name = Tests;
			path = Tests;
			sourceTree = "<group>";
		};
		567F3493E800AD09DA27AD89 /* Codex */ = {
			isa = PBXGroup;
			children = (
				8083E4D2FA07E152ACD66B15 /* CodexActionPlan.swift */,
				48D8479EDD2403E611F2F5EB /* CodexAuthState.swift */,
				E9FCB2F8EB656F22868841F3 /* CodexBinaryLocator.swift */,
				A777A7F03AC1879E6FA4100D /* CodexCLIIntegrationService.swift */,
				A5C5116C2705B5F9F4466C3B /* CodexCommandExecutor.swift */,
				6FD4A9EA18AEA0FB193F9A4D /* CodexConnectivityReport.swift */,
				194CAF029B4D2F1DCB31CCED /* CodexIntegrationError.swift */,
				4E3550015B52EB5C0988C98A /* CodexIntegrationService.swift */,
				5918A0A4E794375F99B70936 /* CodexLoginRunner.swift */,
				45C54110480AD019C5492991 /* CodexOAuthCredentials.swift */,
				C6892A687244FE6264C48CF0 /* CodexRuntimeController.swift */,
			);
			name = Codex;
			path = Codex;
			sourceTree = "<group>";
		};
		56BAD790AB1B4E3B5B1B25E8 /* UI */ = {
			isa = PBXGroup;
			children = (
				A33A1902D3000DC89B173C04 /* DesignSystem */,
				27E68DE0035603D0CAE94663 /* MenuBar */,
			);
			name = UI;
			path = UI;
			sourceTree = "<group>";
		};
		5A60594EE54E42C8F98CE548 /* Core */ = {
			isa = PBXGroup;
			children = (
				C095EC6244EECBE3D97EF0C9 /* Audio */,
				567F3493E800AD09DA27AD89 /* Codex */,
			);
			name = Core;
			path = Core;
			sourceTree = "<group>";
		};
		886491FF76E803C8BEC9F1DB /* Products */ = {
			isa = PBXGroup;
			children = (
				49B3EFF032DCB1264B0C92A8 /* CodexAudioMonitorApp.app */,
				E261D3C164DCDB9C1780E04A /* CodexAudioMonitorTests.xctest */,
			);
			name = Products;
			sourceTree = "<group>";
		};
		88B0EDD378109DCACEB34469 /* App */ = {
			isa = PBXGroup;
			children = (
				D16F4181395108F0B6F8D936 /* CodexAudioMonitorApp.swift */,
			);
			name = App;
			path = App;
			sourceTree = "<group>";
		};
		94E582602673D737D04836DC /* CodexAudioMonitorTests */ = {
			isa = PBXGroup;
			children = (
				311C6C8DAA54727E17984624 /* CodexCLIIntegrationServiceTests.swift */,
				F3ACF75C02B80F6DBDCD43B0 /* CodexConnectivityLiveTests.swift */,
				4A544682F8655D9A5AD75F3A /* CodexRuntimeControllerTests.swift */,
				2475FF58B41C28573C9BA5EC /* TestDoubles */,
			);
			name = CodexAudioMonitorTests;
			path = CodexAudioMonitorTests;
			sourceTree = "<group>";
		};
		9FB6B4AA253E48B1540F8323 /* OS X */ = {
			isa = PBXGroup;
			children = (
				29252612ABA203854CDD0D10 /* Cocoa.framework */,
			);
			name = "OS X";
			sourceTree = "<group>";
		};
		A33A1902D3000DC89B173C04 /* DesignSystem */ = {
			isa = PBXGroup;
			children = (
				3ADD6E51F39D4A6E2E705EE7 /* DesignTokens.swift */,
				683D460B9085C02889F30CDE /* GlassStylingStrategy.swift */,
			);
			name = DesignSystem;
			path = DesignSystem;
			sourceTree = "<group>";
		};
		A542378130A20AFE85B370EE /* Frameworks */ = {
			isa = PBXGroup;
			children = (
				9FB6B4AA253E48B1540F8323 /* OS X */,
			);
			name = Frameworks;
			sourceTree = "<group>";
		};
		C095EC6244EECBE3D97EF0C9 /* Audio */ = {
			isa = PBXGroup;
			children = (
				20FDFE5C4B5C112ADBC286F9 /* AudioMonitorError.swift */,
				FED832B3EB96223D45127DB0 /* AudioMonitoringService.swift */,
				C4EFAB36F5A841D9FC5B35C7 /* AudioMuteBackend.swift */,
				90238B0E7080A00D2D47B7D2 /* AudioProcessMonitor.swift */,
				91D2F24FB61079ED7B124D33 /* AudioProcessSnapshot.swift */,
				AEBCA252DA08DEA0495D4E24 /* AudioSession.swift */,
				E2C3A059C4B2696F20F98200 /* CoreAudioOutputVolumeController.swift */,
				26022AF1261FC8468A53451F /* CoreAudioProcessSnapshotProvider.swift */,
				CFF9BB2BAEAA4076DA8143EA /* CoreAudioTapMuteBackend.swift */,
			);
			name = Audio;
			path = Audio;
			sourceTree = "<group>";
		};
		C7758EA9E2424854DF6B81D7 = {
			isa = PBXGroup;
			children = (
				886491FF76E803C8BEC9F1DB /* Products */,
				A542378130A20AFE85B370EE /* Frameworks */,
				4BF470E8688911D2ACF38D36 /* Sources */,
				4CADA9B6BF8E1772D010ED82 /* Tests */,
			);
			sourceTree = "<group>";
		};
/* End PBXGroup section */

/* Begin PBXNativeTarget section */
		3FD061D0E4C42640699E28B4 /* CodexAudioMonitorTests */ = {
			isa = PBXNativeTarget;
			buildConfigurationList = 841193631EA98A8B8C5A5864 /* Build configuration list for PBXNativeTarget "CodexAudioMonitorTests" */;
			buildPhases = (
				D2B1BBB3C3687F3B24FF1692 /* Sources */,
				F7EB64014F0687D20374757F /* Frameworks */,
				B39A33C41A87DFCC4CCA730D /* Resources */,
			);
			buildRules = (
			);
			dependencies = (
				821EC51F57435D84CD5989B3 /* PBXTargetDependency */,
			);
			name = CodexAudioMonitorTests;
			productName = CodexAudioMonitorTests;
			productReference = E261D3C164DCDB9C1780E04A /* CodexAudioMonitorTests.xctest */;
			productType = "com.apple.product-type.bundle.unit-test";
		};
		73144F8EC4AF29E771351796 /* CodexAudioMonitorApp */ = {
			isa = PBXNativeTarget;
			buildConfigurationList = B3AF050256095EDF63231708 /* Build configuration list for PBXNativeTarget "CodexAudioMonitorApp" */;
			buildPhases = (
				457857BC6BE4A611E3A9C1FC /* Sources */,
				359DF0138031FBFCF87C2099 /* Frameworks */,
				37B6D0AA9787B66E130C6254 /* Resources */,
			);
			buildRules = (
			);
			dependencies = (
			);
			name = CodexAudioMonitorApp;
			productName = CodexAudioMonitorApp;
			productReference = 49B3EFF032DCB1264B0C92A8 /* CodexAudioMonitorApp.app */;
			productType = "com.apple.product-type.application";
		};
/* End PBXNativeTarget section */

/* Begin PBXProject section */
		AF25E66E365D581FC5E55573 /* Project object */ = {
			isa = PBXProject;
			attributes = {
				LastSwiftUpdateCheck = 2600;
				LastUpgradeCheck = 2600;
			};
			buildConfigurationList = 9C9CD64016A6AB8B2E5E8F53 /* Build configuration list for PBXProject "CodexAudioMonitor" */;
			compatibilityVersion = "Xcode 3.2";
			developmentRegion = en;
			hasScannedForEncodings = 0;
			knownRegions = (
				en,
				Base,
			);
			mainGroup = C7758EA9E2424854DF6B81D7;
			productRefGroup = 886491FF76E803C8BEC9F1DB /* Products */;
			projectDirPath = "";
			projectRoot = "";
			targets = (
				73144F8EC4AF29E771351796 /* CodexAudioMonitorApp */,
				3FD061D0E4C42640699E28B4 /* CodexAudioMonitorTests */,
			);
		};
/* End PBXProject section */

/* Begin PBXResourcesBuildPhase section */
		37B6D0AA9787B66E130C6254 /* Resources */ = {
			isa = PBXResourcesBuildPhase;
			buildActionMask = 2147483647;
			files = (
			);
			runOnlyForDeploymentPostprocessing = 0;
		};
		B39A33C41A87DFCC4CCA730D /* Resources */ = {
			isa = PBXResourcesBuildPhase;
			buildActionMask = 2147483647;
			files = (
			);
			runOnlyForDeploymentPostprocessing = 0;
		};
/* End PBXResourcesBuildPhase section */

/* Begin PBXSourcesBuildPhase section */
		457857BC6BE4A611E3A9C1FC /* Sources */ = {
			isa = PBXSourcesBuildPhase;
			buildActionMask = 2147483647;
			files = (
				4A5D7098969140E4D625A8DA /* CodexAudioMonitorApp.swift in Sources */,
				4F70180E0CA8FFDECA83CD54 /* AudioMonitorError.swift in Sources */,
				794A26F3F6280BB3497C5396 /* AudioMonitoringService.swift in Sources */,
				E5D7B414F62C091537B4FE2C /* AudioMuteBackend.swift in Sources */,
				4EF26AC09C6E54074F96BB91 /* AudioProcessMonitor.swift in Sources */,
				D3FA2FCF96FA6EC9853A2FC9 /* AudioProcessSnapshot.swift in Sources */,
				77C135C414B8D1398E6BBC87 /* AudioSession.swift in Sources */,
				F8C1CAAA1C3D6B020DC97EDB /* CoreAudioOutputVolumeController.swift in Sources */,
				65821BE967988DA0381A2079 /* CoreAudioProcessSnapshotProvider.swift in Sources */,
				A17A83A97B3D35AA53C26C1D /* CoreAudioTapMuteBackend.swift in Sources */,
				9279090BCC7FEBCF61E66966 /* CodexActionPlan.swift in Sources */,
				94A08A3D372032B8DB9D9F6F /* CodexAuthState.swift in Sources */,
				E413B6BABDB1E8358F1141A0 /* CodexBinaryLocator.swift in Sources */,
				FC2C019672D4E1613632FFD9 /* CodexCLIIntegrationService.swift in Sources */,
				9F1E84418F89A3116C870D5F /* CodexCommandExecutor.swift in Sources */,
				CDF11FF906ED22AF98C45C2C /* CodexConnectivityReport.swift in Sources */,
				6449E80DD9621910E9F76CFE /* CodexIntegrationError.swift in Sources */,
				C47C32A60B32C9529DFE63DB /* CodexIntegrationService.swift in Sources */,
				E373B23E33345BA71B1CE507 /* CodexLoginRunner.swift in Sources */,
				B5BA74A3642ABF4E4315AD38 /* CodexOAuthCredentials.swift in Sources */,
				D167156B04FB09C8B317F64E /* CodexRuntimeController.swift in Sources */,
				69B36F096CD73D219E5FE107 /* ProcessRunner.swift in Sources */,
				DD733B1A4B1F4100D1E72B15 /* DesignTokens.swift in Sources */,
				1BE68E9CB41289E2491ED293 /* GlassStylingStrategy.swift in Sources */,
				1AAC80865970DF5FDAC3F4DB /* AudioLevelAnimationView.swift in Sources */,
				E4A90C1B9D9218030871BCD9 /* AudioMenuView.swift in Sources */,
				F3E1A3247BCC92352B564599 /* CodexStatusCardView.swift in Sources */,
				30DF30DB8918B68F9C0C5E77 /* SessionRowView.swift in Sources */,
				12BCE7F9BE59F76DF0A3C60A /* SettingsView.swift in Sources */,
				011BDF2E71A1C1EA707DB63B /* StatusChipView.swift in Sources */,
			);
			runOnlyForDeploymentPostprocessing = 0;
		};
		D2B1BBB3C3687F3B24FF1692 /* Sources */ = {
			isa = PBXSourcesBuildPhase;
			buildActionMask = 2147483647;
			files = (
				B95FA6EB8518E0367A294667 /* CodexCLIIntegrationServiceTests.swift in Sources */,
				7B569EBC6D8CCB3B6607B039 /* CodexConnectivityLiveTests.swift in Sources */,
				862663C806CFBF126D6B635C /* CodexRuntimeControllerTests.swift in Sources */,
				4618617D29D04AC6D3E63AA3 /* CodexTestDoubles.swift in Sources */,
			);
			runOnlyForDeploymentPostprocessing = 0;
		};
/* End PBXSourcesBuildPhase section */

/* Begin PBXTargetDependency section */
		821EC51F57435D84CD5989B3 /* PBXTargetDependency */ = {
			isa = PBXTargetDependency;
			name = CodexAudioMonitorApp;
			target = 73144F8EC4AF29E771351796 /* CodexAudioMonitorApp */;
			targetProxy = 0A3C9BDC653A8B875CD99EB8 /* PBXContainerItemProxy */;
		};
/* End PBXTargetDependency section */

/* Begin XCBuildConfiguration section */
		057530604926C06771975525 /* Debug */ = {
			isa = XCBuildConfiguration;
			buildSettings = {
				ASSETCATALOG_COMPILER_APPICON_NAME = AppIcon;
				ASSETCATALOG_COMPILER_GLOBAL_ACCENT_COLOR_NAME = AccentColor;
				CODE_SIGN_STYLE = Automatic;
				COMBINE_HIDPI_IMAGES = YES;
				CURRENT_PROJECT_VERSION = 1;
				ENABLE_USER_SCRIPT_SANDBOXING = YES;
				GENERATE_INFOPLIST_FILE = YES;
				INFOPLIST_KEY_LSUIElement = YES;
				LD_RUNPATH_SEARCH_PATHS = "$(inherited) @executable_path/../Frameworks";
				MACOSX_DEPLOYMENT_TARGET = 15.0;
				MARKETING_VERSION = 0.2.0;
				PRODUCT_BUNDLE_IDENTIFIER = com.zickox.codexaudiomonitor;
				PRODUCT_NAME = CodexAudioMonitor;
				SDKROOT = macosx;
				SWIFT_VERSION = 6.0;
			};
			name = Debug;
		};
		2E9F751988A20D2E565327DC /* Debug */ = {
			isa = XCBuildConfiguration;
			buildSettings = {
				ALWAYS_SEARCH_USER_PATHS = NO;
				CLANG_ANALYZER_NONNULL = YES;
				CLANG_ANALYZER_NUMBER_OBJECT_CONVERSION = YES_AGGRESSIVE;
				CLANG_CXX_LANGUAGE_STANDARD = "gnu++14";
				CLANG_CXX_LIBRARY = "libc++";
				CLANG_ENABLE_MODULES = YES;
				CLANG_ENABLE_OBJC_ARC = YES;
				CLANG_ENABLE_OBJC_WEAK = YES;
				CLANG_WARN_BLOCK_CAPTURE_AUTORELEASING = YES;
				CLANG_WARN_BOOL_CONVERSION = YES;
				CLANG_WARN_COMMA = YES;
				CLANG_WARN_CONSTANT_CONVERSION = YES;
				CLANG_WARN_DEPRECATED_OBJC_IMPLEMENTATIONS = YES;
				CLANG_WARN_DIRECT_OBJC_ISA_USAGE = YES_ERROR;
				CLANG_WARN_DOCUMENTATION_COMMENTS = YES;
				CLANG_WARN_EMPTY_BODY = YES;
				CLANG_WARN_ENUM_CONVERSION = YES;
				CLANG_WARN_INFINITE_RECURSION = YES;
				CLANG_WARN_INT_CONVERSION = YES;
				CLANG_WARN_NON_LITERAL_NULL_CONVERSION = YES;
				CLANG_WARN_OBJC_IMPLICIT_RETAIN_SELF = YES;
				CLANG_WARN_OBJC_LITERAL_CONVERSION = YES;
				CLANG_WARN_OBJC_ROOT_CLASS = YES_ERROR;
				CLANG_WARN_QUOTED_INCLUDE_IN_FRAMEWORK_HEADER = YES;
				CLANG_WARN_RANGE_LOOP_ANALYSIS = YES;
				CLANG_WARN_STRICT_PROTOTYPES = YES;
				CLANG_WARN_SUSPICIOUS_MOVE = YES;
				CLANG_WARN_UNGUARDED_AVAILABILITY = YES_AGGRESSIVE;
				CLANG_WARN_UNREACHABLE_CODE = YES;
				CLANG_WARN__DUPLICATE_METHOD_MATCH = YES;
				COPY_PHASE_STRIP = NO;
				DEBUG_INFORMATION_FORMAT = dwarf;
				ENABLE_STRICT_OBJC_MSGSEND = YES;
				ENABLE_TESTABILITY = YES;
				GCC_C_LANGUAGE_STANDARD = gnu11;
				GCC_DYNAMIC_NO_PIC = NO;
				GCC_NO_COMMON_BLOCKS = YES;
				GCC_OPTIMIZATION_LEVEL = 0;
				GCC_PREPROCESSOR_DEFINITIONS = (
					"DEBUG=1",
					"$(inherited)",
				);
				GCC_WARN_64_TO_32_BIT_CONVERSION = YES;
				GCC_WARN_ABOUT_RETURN_TYPE = YES_ERROR;
				GCC_WARN_UNDECLARED_SELECTOR = YES;
				GCC_WARN_UNINITIALIZED_AUTOS = YES_AGGRESSIVE;
				GCC_WARN_UNUSED_FUNCTION = YES;
				GCC_WARN_UNUSED_VARIABLE = YES;
				MTL_ENABLE_DEBUG_INFO = INCLUDE_SOURCE;
				MTL_FAST_MATH = YES;
				ONLY_ACTIVE_ARCH = YES;
				PRODUCT_NAME = "$(TARGET_NAME)";
				SWIFT_ACTIVE_COMPILATION_CONDITIONS = DEBUG;
				SWIFT_OPTIMIZATION_LEVEL = "-Onone";
				SWIFT_VERSION = 5.0;
			};
			name = Debug;
		};
		307A7A3E674A576EB6A93C6C /* Release */ = {
			isa = XCBuildConfiguration;
			buildSettings = {
				BUNDLE_LOADER = "$(TEST_HOST)";
				CODE_SIGN_STYLE = Automatic;
				GENERATE_INFOPLIST_FILE = YES;
				MACOSX_DEPLOYMENT_TARGET = 15.0;
				PRODUCT_BUNDLE_IDENTIFIER = com.zickox.codexaudiomonitor.tests;
				SDKROOT = macosx;
				SWIFT_VERSION = 6.0;
				TEST_HOST = "$(BUILT_PRODUCTS_DIR)/CodexAudioMonitor.app/Contents/MacOS/CodexAudioMonitor";
			};
			name = Release;
		};
		8E08F7300B9078EA1DF4FCD0 /* Release */ = {
			isa = XCBuildConfiguration;
			buildSettings = {
				ASSETCATALOG_COMPILER_APPICON_NAME = AppIcon;
				ASSETCATALOG_COMPILER_GLOBAL_ACCENT_COLOR_NAME = AccentColor;
				CODE_SIGN_STYLE = Automatic;
				COMBINE_HIDPI_IMAGES = YES;
				CURRENT_PROJECT_VERSION = 1;
				ENABLE_USER_SCRIPT_SANDBOXING = YES;
				GENERATE_INFOPLIST_FILE = YES;
				INFOPLIST_KEY_LSUIElement = YES;
				LD_RUNPATH_SEARCH_PATHS = "$(inherited) @executable_path/../Frameworks";
				MACOSX_DEPLOYMENT_TARGET = 15.0;
				MARKETING_VERSION = 0.2.0;
				PRODUCT_BUNDLE_IDENTIFIER = com.zickox.codexaudiomonitor;
				PRODUCT_NAME = CodexAudioMonitor;
				SDKROOT = macosx;
				SWIFT_VERSION = 6.0;
			};
			name = Release;
		};
		8E64358E76FA57F121A6F17D /* Release */ = {
			isa = XCBuildConfiguration;
			buildSettings = {
				ALWAYS_SEARCH_USER_PATHS = NO;
				CLANG_ANALYZER_NONNULL = YES;
				CLANG_ANALYZER_NUMBER_OBJECT_CONVERSION = YES_AGGRESSIVE;
				CLANG_CXX_LANGUAGE_STANDARD = "gnu++14";
				CLANG_CXX_LIBRARY = "libc++";
				CLANG_ENABLE_MODULES = YES;
				CLANG_ENABLE_OBJC_ARC = YES;
				CLANG_ENABLE_OBJC_WEAK = YES;
				CLANG_WARN_BLOCK_CAPTURE_AUTORELEASING = YES;
				CLANG_WARN_BOOL_CONVERSION = YES;
				CLANG_WARN_COMMA = YES;
				CLANG_WARN_CONSTANT_CONVERSION = YES;
				CLANG_WARN_DEPRECATED_OBJC_IMPLEMENTATIONS = YES;
				CLANG_WARN_DIRECT_OBJC_ISA_USAGE = YES_ERROR;
				CLANG_WARN_DOCUMENTATION_COMMENTS = YES;
				CLANG_WARN_EMPTY_BODY = YES;
				CLANG_WARN_ENUM_CONVERSION = YES;
				CLANG_WARN_INFINITE_RECURSION = YES;
				CLANG_WARN_INT_CONVERSION = YES;
				CLANG_WARN_NON_LITERAL_NULL_CONVERSION = YES;
				CLANG_WARN_OBJC_IMPLICIT_RETAIN_SELF = YES;
				CLANG_WARN_OBJC_LITERAL_CONVERSION = YES;
				CLANG_WARN_OBJC_ROOT_CLASS = YES_ERROR;
				CLANG_WARN_QUOTED_INCLUDE_IN_FRAMEWORK_HEADER = YES;
				CLANG_WARN_RANGE_LOOP_ANALYSIS = YES;
				CLANG_WARN_STRICT_PROTOTYPES = YES;
				CLANG_WARN_SUSPICIOUS_MOVE = YES;
				CLANG_WARN_UNGUARDED_AVAILABILITY = YES_AGGRESSIVE;
				CLANG_WARN_UNREACHABLE_CODE = YES;
				CLANG_WARN__DUPLICATE_METHOD_MATCH = YES;
				COPY_PHASE_STRIP = NO;
				DEBUG_INFORMATION_FORMAT = "dwarf-with-dsym";
				ENABLE_NS_ASSERTIONS = NO;
				ENABLE_STRICT_OBJC_MSGSEND = YES;
				GCC_C_LANGUAGE_STANDARD = gnu11;
				GCC_NO_COMMON_BLOCKS = YES;
				GCC_WARN_64_TO_32_BIT_CONVERSION = YES;
				GCC_WARN_ABOUT_RETURN_TYPE = YES_ERROR;
				GCC_WARN_UNDECLARED_SELECTOR = YES;
				GCC_WARN_UNINITIALIZED_AUTOS = YES_AGGRESSIVE;
				GCC_WARN_UNUSED_FUNCTION = YES;
				GCC_WARN_UNUSED_VARIABLE = YES;
				MTL_ENABLE_DEBUG_INFO = NO;
				MTL_FAST_MATH = YES;
				PRODUCT_NAME = "$(TARGET_NAME)";
				SWIFT_COMPILATION_MODE = wholemodule;
				SWIFT_OPTIMIZATION_LEVEL = "-O";
				SWIFT_VERSION = 5.0;
			};
			name = Release;
		};
		97E0BE1BEDA890E59BD208D1 /* Debug */ = {
			isa = XCBuildConfiguration;
			buildSettings = {
				BUNDLE_LOADER = "$(TEST_HOST)";
				CODE_SIGN_STYLE = Automatic;
				GENERATE_INFOPLIST_FILE = YES;
				MACOSX_DEPLOYMENT_TARGET = 15.0;
				PRODUCT_BUNDLE_IDENTIFIER = com.zickox.codexaudiomonitor.tests;
				SDKROOT = macosx;
				SWIFT_VERSION = 6.0;
				TEST_HOST = "$(BUILT_PRODUCTS_DIR)/CodexAudioMonitor.app/Contents/MacOS/CodexAudioMonitor";
			};
			name = Debug;
		};
/* End XCBuildConfiguration section */

/* Begin XCConfigurationList section */
		841193631EA98A8B8C5A5864 /* Build configuration list for PBXNativeTarget "CodexAudioMonitorTests" */ = {
			isa = XCConfigurationList;
			buildConfigurations = (
				307A7A3E674A576EB6A93C6C /* Release */,
				97E0BE1BEDA890E59BD208D1 /* Debug */,
			);
			defaultConfigurationIsVisible = 0;
			defaultConfigurationName = Release;
		};
		9C9CD64016A6AB8B2E5E8F53 /* Build configuration list for PBXProject "CodexAudioMonitor" */ = {
			isa = XCConfigurationList;
			buildConfigurations = (
				2E9F751988A20D2E565327DC /* Debug */,
				8E64358E76FA57F121A6F17D /* Release */,
			);
			defaultConfigurationIsVisible = 0;
			defaultConfigurationName = Release;
		};
		B3AF050256095EDF63231708 /* Build configuration list for PBXNativeTarget "CodexAudioMonitorApp" */ = {
			isa = XCConfigurationList;
			buildConfigurations = (
				8E08F7300B9078EA1DF4FCD0 /* Release */,
				057530604926C06771975525 /* Debug */,
			);
			defaultConfigurationIsVisible = 0;
			defaultConfigurationName = Release;
		};
/* End XCConfigurationList section */
	};
	rootObject = AF25E66E365D581FC5E55573 /* Project object */;
}
