// !$*UTF8*$!
{
	archiveVersion = 1;
	classes = {
	};
	objectVersion = 46;
	objects = {

/* Begin PBXBuildFile section */
		0866582B4CB28AB3B75BC815 /* CoreAudioOutputVolumeController.swift in Sources */ = {isa = PBXBuildFile; fileRef = B13819548E15DCA71B26E030 /* CoreAudioOutputVolumeController.swift */; };
		0E7B8FDA28D2257998D2FFFF /* AudioProcessMonitorGainTests.swift in Sources */ = {isa = PBXBuildFile; fileRef = 9BDFE2E90636CDC79DF2FB45 /* AudioProcessMonitorGainTests.swift */; };
		10B53A09C4F04CC39DE6A8B1 /* Assets.xcassets in Resources */ = {isa = PBXBuildFile; fileRef = 10B53A08C4F04CC39DE6A8B1 /* Assets.xcassets */; };
		1B36142128D1BDAF0EF85C26 /* CodexLoginRunner.swift in Sources */ = {isa = PBXBuildFile; fileRef = 3AA0CD8807F1D7417F652D44 /* CodexLoginRunner.swift */; };
		22B35AE61BB0962B2900E5A5 /* AppGainServiceClient.swift in Sources */ = {isa = PBXBuildFile; fileRef = BF780262AF815587A53AD22D /* AppGainServiceClient.swift */; };
		2AD3D4676DD2B5B66223B81F /* CodexOAuthCredentials.swift in Sources */ = {isa = PBXBuildFile; fileRef = FB24D992F192CB2602F97077 /* CodexOAuthCredentials.swift */; };
		33252965EF27BB87E6FCC0FA /* AudioProcessSnapshot.swift in Sources */ = {isa = PBXBuildFile; fileRef = 8B463F0BF883D1BB13C658E3 /* AudioProcessSnapshot.swift */; };
		3765A6A6E46EE3681B4297EE /* CodexRuntimeController.swift in Sources */ = {isa = PBXBuildFile; fileRef = 1E049C4FB350962E8F3DAA7D /* CodexRuntimeController.swift */; };
		389CA1680E5931A9856E2FD5 /* CodexAudioGainService in Embed XPC Services */ = {isa = PBXBuildFile; fileRef = 26B83C45543504FDE4DF1BF3 /* CodexAudioGainService */; settings = {ATTRIBUTES = (CodeSignOnCopy, RemoveHeadersOnCopy, ); }; };
		39854CB1472C7263C48B7D41 /* CodexConnectivityLiveTests.swift in Sources */ = {isa = PBXBuildFile; fileRef = 6D8C04BAB24BC19FB6AAB8F6 /* CodexConnectivityLiveTests.swift */; };
		43631258BFFEB3DF6BEF3FC0 /* AppGainXPCProtocol.swift in Sources */ = {isa = PBXBuildFile; fileRef = AE861BE353F6578DD585D665 /* AppGainXPCProtocol.swift */; };
		4626E9DBE857B6269465BA4E /* ProcessRunner.swift in Sources */ = {isa = PBXBuildFile; fileRef = 4885F526A487E081EC5DDE33 /* ProcessRunner.swift */; };
		464EAE607D543C65B778BFEF /* CodexRuntimeControllerTests.swift in Sources */ = {isa = PBXBuildFile; fileRef = C503631EA1285F4F20857F77 /* CodexRuntimeControllerTests.swift */; };
		47731D719535E18608B99D85 /* AudioMenuView.swift in Sources */ = {isa = PBXBuildFile; fileRef = 442E52EF2D602E7158F79414 /* AudioMenuView.swift */; };
		60EA4A8F3D57EA17B4872701 /* AppGainStore.swift in Sources */ = {isa = PBXBuildFile; fileRef = 81C4C2CE76F41AC5EB121B20 /* AppGainStore.swift */; };
		63D0B3E9977E4988EE5CC68F /* CodexActionPlan.swift in Sources */ = {isa = PBXBuildFile; fileRef = 3DE722F861B5246C0D16BED9 /* CodexActionPlan.swift */; };
		69575AB3071223A5508CF474 /* AudioLevelAnimationView.swift in Sources */ = {isa = PBXBuildFile; fileRef = 1A4F005AC01995D9DB0B0ADF /* AudioLevelAnimationView.swift */; };
		697308C8CA99ED899B968777 /* CodexAudioGainService.swift in Sources */ = {isa = PBXBuildFile; fileRef = 4DF4E96FF86154D22DCF90AD /* CodexAudioGainService.swift */; };
		6CB46A466FEF615B42427DDB /* CodexIntegrationService.swift in Sources */ = {isa = PBXBuildFile; fileRef = 50757EB18C72FF8677CA3624 /* CodexIntegrationService.swift */; };
		745907B067A8E7597942931A /* Cocoa.framework in Frameworks */ = {isa = PBXBuildFile; fileRef = C238FF8D3A82277E46230C95 /* Cocoa.framework */; };
		764AC098EEDA3F450D36F09D /* CodexAuthState.swift in Sources */ = {isa = PBXBuildFile; fileRef = F8283CE04E5FEF8B35DC124F /* CodexAuthState.swift */; };
		79E5B338842AE339F4C8C66D /* DesignTokens.swift in Sources */ = {isa = PBXBuildFile; fileRef = DEC729618F63F04E7FBCEC48 /* DesignTokens.swift */; };
		7B0A18A012D130EF8F53909C /* CodexAudioMonitorApp.swift in Sources */ = {isa = PBXBuildFile; fileRef = 0D753C3E58A455559B0AA752 /* CodexAudioMonitorApp.swift */; };
		7D1C46C5F6F5671D5C91EA04 /* Cocoa.framework in Frameworks */ = {isa = PBXBuildFile; fileRef = C238FF8D3A82277E46230C95 /* Cocoa.framework */; };
		81DEEF62D3A78798B5E24FF5 /* CodexIntegrationError.swift in Sources */ = {isa = PBXBuildFile; fileRef = AA8CC8F0F97E259BE8A97A53 /* CodexIntegrationError.swift */; };
		863A4885F516BDDFE06A3B92 /* AppGainStoreTests.swift in Sources */ = {isa = PBXBuildFile; fileRef = 531A5BFD8A49A81CC99715CF /* AppGainStoreTests.swift */; };
		877DFD55C469B8092159C45C /* CoreAudioTapMuteBackend.swift in Sources */ = {isa = PBXBuildFile; fileRef = 48E4A1856C22933332BB2B02 /* CoreAudioTapMuteBackend.swift */; };
		8C972A62F3F4C72116DF8444 /* CodexBinaryLocator.swift in Sources */ = {isa = PBXBuildFile; fileRef = F98472E6666F071A2189B1B9 /* CodexBinaryLocator.swift */; };
		91D400B59AEB7EEDA30B96B9 /* CodexTestDoubles.swift in Sources */ = {isa = PBXBuildFile; fileRef = 8418D6480894B4DB1BA95B98 /* CodexTestDoubles.swift */; };
		9927B1DC7C0A6B308CFF0CA2 /* AudioMuteBackend.swift in Sources */ = {isa = PBXBuildFile; fileRef = 0831E0D0995083897A3A5E54 /* AudioMuteBackend.swift */; };
		9C421A791866D3ED2063890D /* CoreAudioProcessSnapshotProvider.swift in Sources */ = {isa = PBXBuildFile; fileRef = 8F188F80FEF9CAC0EDE058C1 /* CoreAudioProcessSnapshotProvider.swift */; };
		9CE8BB89F84DAF7FDE5AA371 /* AudioSession.swift in Sources */ = {isa = PBXBuildFile; fileRef = B98AA2852839AA164F289F4E /* AudioSession.swift */; };
		9DDB0B2BF1541E98F818374A /* SettingsView.swift in Sources */ = {isa = PBXBuildFile; fileRef = 1418B960416753D6136FECCF /* SettingsView.swift */; };
		A771BDBB2005C4C9DB4D6991 /* AudioMonitorError.swift in Sources */ = {isa = PBXBuildFile; fileRef = 76A5143BEEEB5D577AC17CD4 /* AudioMonitorError.swift */; };
		B414C3403AD7DAB309412D41 /* AudioMonitoringService.swift in Sources */ = {isa = PBXBuildFile; fileRef = D1A7AC89DAE0798954B3B8F8 /* AudioMonitoringService.swift */; };
		B7BC5B144BE95692592328B3 /* main.swift in Sources */ = {isa = PBXBuildFile; fileRef = 54AB56908D59302D7762796A /* main.swift */; };
		C1EAC55A3AC5D54033D2DFA7 /* AppGainXPCProtocol.swift in Sources */ = {isa = PBXBuildFile; fileRef = AE861BE353F6578DD585D665 /* AppGainXPCProtocol.swift */; };
		C3E65F9A491FC5FB0DEBAFC8 /* CodexCLIIntegrationService.swift in Sources */ = {isa = PBXBuildFile; fileRef = 143122FFDD6444497D09C3C2 /* CodexCLIIntegrationService.swift */; };
		D08421DC4F85DC308D0BBB8C /* StatusChipView.swift in Sources */ = {isa = PBXBuildFile; fileRef = C18000CECC947096BE0B4906 /* StatusChipView.swift */; };
		D175E691277B2BF0C2EDD93F /* CodexStatusCardView.swift in Sources */ = {isa = PBXBuildFile; fileRef = 895749E3CF366B570CA4020E /* CodexStatusCardView.swift */; };
		D96905D4A8AE9815CEA88E52 /* SessionRowView.swift in Sources */ = {isa = PBXBuildFile; fileRef = 662311E513AF335147E22644 /* SessionRowView.swift */; };
		DCF882C7591F569FB6A98C4A /* GlassStylingStrategy.swift in Sources */ = {isa = PBXBuildFile; fileRef = E05B6E29301C63EC9029D942 /* GlassStylingStrategy.swift */; };
		E255ACAD74FC3EF076FF8D74 /* AudioProcessMonitor.swift in Sources */ = {isa = PBXBuildFile; fileRef = 0C45CAA671A4D4674396DF4F /* AudioProcessMonitor.swift */; };
		E5375DBB3CFAEDD348BC0426 /* CodexCLIIntegrationServiceTests.swift in Sources */ = {isa = PBXBuildFile; fileRef = A7F7E4D48587C1EB3D5B975F /* CodexCLIIntegrationServiceTests.swift */; };
		E7F32B70B8103FCB929F12CE /* Cocoa.framework in Frameworks */ = {isa = PBXBuildFile; fileRef = C238FF8D3A82277E46230C95 /* Cocoa.framework */; };
		EA81499FCE9E6E1C78E3F894 /* CodexCommandExecutor.swift in Sources */ = {isa = PBXBuildFile; fileRef = 20967AD71B6F3306311F49F0 /* CodexCommandExecutor.swift */; };
		F8A7523BF5214C8762450018 /* CodexConnectivityReport.swift in Sources */ = {isa = PBXBuildFile; fileRef = FFE27417A4066EB2BB683174 /* CodexConnectivityReport.swift */; };
/* End PBXBuildFile section */

/* Begin PBXContainerItemProxy section */
		342C0CC62BEFADE80E87CA5B /* PBXContainerItemProxy */ = {
			isa = PBXContainerItemProxy;
			containerPortal = 21004671F7C892F23CDB9852 /* Project object */;
			proxyType = 1;
			remoteGlobalIDString = D887B648B093ED22FA7293CC;
			remoteInfo = CodexAudioMonitorApp;
		};
		C1ED54DDDA10DF09BEE99377 /* PBXContainerItemProxy */ = {
			isa = PBXContainerItemProxy;
			containerPortal = 21004671F7C892F23CDB9852 /* Project object */;
			proxyType = 1;
			remoteGlobalIDString = EA0E811B66DCB4CC0C56B76D;
			remoteInfo = CodexAudioGainService;
		};
/* End PBXContainerItemProxy section */

/* Begin PBXCopyFilesBuildPhase section */
		4A388D294486443E9793D405 /* Embed XPC Services */ = {
			isa = PBXCopyFilesBuildPhase;
			buildActionMask = 2147483647;
			dstPath = Contents/XPCServices;
			dstSubfolderSpec = 1;
			files = (
				389CA1680E5931A9856E2FD5 /* CodexAudioGainService in Embed XPC Services */,
			);
			name = "Embed XPC Services";
			runOnlyForDeploymentPostprocessing = 0;
		};
/* End PBXCopyFilesBuildPhase section */

/* Begin PBXFileReference section */
		0831E0D0995083897A3A5E54 /* AudioMuteBackend.swift */ = {isa = PBXFileReference; includeInIndex = 1; lastKnownFileType = sourcecode.swift; path = AudioMuteBackend.swift; sourceTree = "<group>"; };
		0C45CAA671A4D4674396DF4F /* AudioProcessMonitor.swift */ = {isa = PBXFileReference; includeInIndex = 1; lastKnownFileType = sourcecode.swift; path = AudioProcessMonitor.swift; sourceTree = "<group>"; };
		0D753C3E58A455559B0AA752 /* CodexAudioMonitorApp.swift */ = {isa = PBXFileReference; includeInIndex = 1; lastKnownFileType = sourcecode.swift; path = CodexAudioMonitorApp.swift; sourceTree = "<group>"; };
		10B53A08C4F04CC39DE6A8B1 /* Assets.xcassets */ = {isa = PBXFileReference; lastKnownFileType = folder.assetcatalog; path = Assets.xcassets; sourceTree = "<group>"; };
		1418B960416753D6136FECCF /* SettingsView.swift */ = {isa = PBXFileReference; includeInIndex = 1; lastKnownFileType = sourcecode.swift; path = SettingsView.swift; sourceTree = "<group>"; };
		143122FFDD6444497D09C3C2 /* CodexCLIIntegrationService.swift */ = {isa = PBXFileReference; includeInIndex = 1; lastKnownFileType = sourcecode.swift; path = CodexCLIIntegrationService.swift; sourceTree = "<group>"; };
		1A4F005AC01995D9DB0B0ADF /* AudioLevelAnimationView.swift */ = {isa = PBXFileReference; includeInIndex = 1; lastKnownFileType = sourcecode.swift; path = AudioLevelAnimationView.swift; sourceTree = "<group>"; };
		1E049C4FB350962E8F3DAA7D /* CodexRuntimeController.swift */ = {isa = PBXFileReference; includeInIndex = 1; lastKnownFileType = sourcecode.swift; path = CodexRuntimeController.swift; sourceTree = "<group>"; };
		20967AD71B6F3306311F49F0 /* CodexCommandExecutor.swift */ = {isa = PBXFileReference; includeInIndex = 1; lastKnownFileType = sourcecode.swift; path = CodexCommandExecutor.swift; sourceTree = "<group>"; };
		26B83C45543504FDE4DF1BF3 /* CodexAudioGainService */ = {isa = PBXFileReference; includeInIndex = 0; lastKnownFileType = "wrapper.xpc-service"; name = CodexAudioGainService; path = CodexAudioGainService.xpc; sourceTree = BUILT_PRODUCTS_DIR; };
		3AA0CD8807F1D7417F652D44 /* CodexLoginRunner.swift */ = {isa = PBXFileReference; includeInIndex = 1; lastKnownFileType = sourcecode.swift; path = CodexLoginRunner.swift; sourceTree = "<group>"; };
		3DE722F861B5246C0D16BED9 /* CodexActionPlan.swift */ = {isa = PBXFileReference; includeInIndex = 1; lastKnownFileType = sourcecode.swift; path = CodexActionPlan.swift; sourceTree = "<group>"; };
		442E52EF2D602E7158F79414 /* AudioMenuView.swift */ = {isa = PBXFileReference; includeInIndex = 1; lastKnownFileType = sourcecode.swift; path = AudioMenuView.swift; sourceTree = "<group>"; };
		4885F526A487E081EC5DDE33 /* ProcessRunner.swift */ = {isa = PBXFileReference; includeInIndex = 1; lastKnownFileType = sourcecode.swift; path = ProcessRunner.swift; sourceTree = "<group>"; };
		48E4A1856C22933332BB2B02 /* CoreAudioTapMuteBackend.swift */ = {isa = PBXFileReference; includeInIndex = 1; lastKnownFileType = sourcecode.swift; path = CoreAudioTapMuteBackend.swift; sourceTree = "<group>"; };
		4DF4E96FF86154D22DCF90AD /* CodexAudioGainService.swift */ = {isa = PBXFileReference; includeInIndex = 1; lastKnownFileType = sourcecode.swift; path = CodexAudioGainService.swift; sourceTree = "<group>"; };
		50757EB18C72FF8677CA3624 /* CodexIntegrationService.swift */ = {isa = PBXFileReference; includeInIndex = 1; lastKnownFileType = sourcecode.swift; path = CodexIntegrationService.swift; sourceTree = "<group>"; };
		531A5BFD8A49A81CC99715CF /* AppGainStoreTests.swift */ = {isa = PBXFileReference; includeInIndex = 1; lastKnownFileType = sourcecode.swift; path = AppGainStoreTests.swift; sourceTree = "<group>"; };
		54AB56908D59302D7762796A /* main.swift */ = {isa = PBXFileReference; includeInIndex = 1; lastKnownFileType = sourcecode.swift; path = main.swift; sourceTree = "<group>"; };
		662311E513AF335147E22644 /* SessionRowView.swift */ = {isa = PBXFileReference; includeInIndex = 1; lastKnownFileType = sourcecode.swift; path = SessionRowView.swift; sourceTree = "<group>"; };
		6BB0C15605754C0B3D79FD4C /* CodexAudioMonitor.app */ = {isa = PBXFileReference; explicitFileType = wrapper.application; includeInIndex = 0; path = CodexAudioMonitor.app; sourceTree = BUILT_PRODUCTS_DIR; };
		6D8C04BAB24BC19FB6AAB8F6 /* CodexConnectivityLiveTests.swift */ = {isa = PBXFileReference; includeInIndex = 1; lastKnownFileType = sourcecode.swift; path = CodexConnectivityLiveTests.swift; sourceTree = "<group>"; };
		76A5143BEEEB5D577AC17CD4 /* AudioMonitorError.swift */ = {isa = PBXFileReference; includeInIndex = 1; lastKnownFileType = sourcecode.swift; path = AudioMonitorError.swift; sourceTree = "<group>"; };
		81C4C2CE76F41AC5EB121B20 /* AppGainStore.swift */ = {isa = PBXFileReference; includeInIndex = 1; lastKnownFileType = sourcecode.swift; path = AppGainStore.swift; sourceTree = "<group>"; };
		8418D6480894B4DB1BA95B98 /* CodexTestDoubles.swift */ = {isa = PBXFileReference; includeInIndex = 1; lastKnownFileType = sourcecode.swift; path = CodexTestDoubles.swift; sourceTree = "<group>"; };
		895749E3CF366B570CA4020E /* CodexStatusCardView.swift */ = {isa = PBXFileReference; includeInIndex = 1; lastKnownFileType = sourcecode.swift; path = CodexStatusCardView.swift; sourceTree = "<group>"; };
		8B463F0BF883D1BB13C658E3 /* AudioProcessSnapshot.swift */ = {isa = PBXFileReference; includeInIndex = 1; lastKnownFileType = sourcecode.swift; path = AudioProcessSnapshot.swift; sourceTree = "<group>"; };
		8F188F80FEF9CAC0EDE058C1 /* CoreAudioProcessSnapshotProvider.swift */ = {isa = PBXFileReference; includeInIndex = 1; lastKnownFileType = sourcecode.swift; path = CoreAudioProcessSnapshotProvider.swift; sourceTree = "<group>"; };
		9BDFE2E90636CDC79DF2FB45 /* AudioProcessMonitorGainTests.swift */ = {isa = PBXFileReference; includeInIndex = 1; lastKnownFileType = sourcecode.swift; path = AudioProcessMonitorGainTests.swift; sourceTree = "<group>"; };
		A3AF546776EF655B6E6C9F45 /* CodexAudioMonitorTests.xctest */ = {isa = PBXFileReference; explicitFileType = wrapper.cfbundle; includeInIndex = 0; path = CodexAudioMonitorTests.xctest; sourceTree = BUILT_PRODUCTS_DIR; };
		A7F7E4D48587C1EB3D5B975F /* CodexCLIIntegrationServiceTests.swift */ = {isa = PBXFileReference; includeInIndex = 1; lastKnownFileType = sourcecode.swift; path = CodexCLIIntegrationServiceTests.swift; sourceTree = "<group>"; };
		AA8CC8F0F97E259BE8A97A53 /* CodexIntegrationError.swift */ = {isa = PBXFileReference; includeInIndex = 1; lastKnownFileType = sourcecode.swift; path = CodexIntegrationError.swift; sourceTree = "<group>"; };
		AE861BE353F6578DD585D665 /* AppGainXPCProtocol.swift */ = {isa = PBXFileReference; includeInIndex = 1; lastKnownFileType = sourcecode.swift; path = AppGainXPCProtocol.swift; sourceTree = "<group>"; };
		B13819548E15DCA71B26E030 /* CoreAudioOutputVolumeController.swift */ = {isa = PBXFileReference; includeInIndex = 1; lastKnownFileType = sourcecode.swift; path = CoreAudioOutputVolumeController.swift; sourceTree = "<group>"; };
		B98AA2852839AA164F289F4E /* AudioSession.swift */ = {isa = PBXFileReference; includeInIndex = 1; lastKnownFileType = sourcecode.swift; path = AudioSession.swift; sourceTree = "<group>"; };
		BF780262AF815587A53AD22D /* AppGainServiceClient.swift */ = {isa = PBXFileReference; includeInIndex = 1; lastKnownFileType = sourcecode.swift; path = AppGainServiceClient.swift; sourceTree = "<group>"; };
		C18000CECC947096BE0B4906 /* StatusChipView.swift */ = {isa = PBXFileReference; includeInIndex = 1; lastKnownFileType = sourcecode.swift; path = StatusChipView.swift; sourceTree = "<group>"; };
		C238FF8D3A82277E46230C95 /* Cocoa.framework */ = {isa = PBXFileReference; lastKnownFileType = wrapper.framework; name = Cocoa.framework; path = Platforms/MacOSX.platform/Developer/SDKs/MacOSX10.15.sdk/System/Library/Frameworks/Cocoa.framework; sourceTree = DEVELOPER_DIR; };
		C503631EA1285F4F20857F77 /* CodexRuntimeControllerTests.swift */ = {isa = PBXFileReference; includeInIndex = 1; lastKnownFileType = sourcecode.swift; path = CodexRuntimeControllerTests.swift; sourceTree = "<group>"; };
		D1A7AC89DAE0798954B3B8F8 /* AudioMonitoringService.swift */ = {isa = PBXFileReference; includeInIndex = 1; lastKnownFileType = sourcecode.swift; path = AudioMonitoringService.swift; sourceTree = "<group>"; };
		DEC729618F63F04E7FBCEC48 /* DesignTokens.swift */ = {isa = PBXFileReference; includeInIndex = 1; lastKnownFileType = sourcecode.swift; path = DesignTokens.swift; sourceTree = "<group>"; };
		E05B6E29301C63EC9029D942 /* GlassStylingStrategy.swift */ = {isa = PBXFileReference; includeInIndex = 1; lastKnownFileType = sourcecode.swift; path = GlassStylingStrategy.swift; sourceTree = "<group>"; };
		F8283CE04E5FEF8B35DC124F /* CodexAuthState.swift */ = {isa = PBXFileReference; includeInIndex = 1; lastKnownFileType = sourcecode.swift; path = CodexAuthState.swift; sourceTree = "<group>"; };
		F98472E6666F071A2189B1B9 /* CodexBinaryLocator.swift */ = {isa = PBXFileReference; includeInIndex = 1; lastKnownFileType = sourcecode.swift; path = CodexBinaryLocator.swift; sourceTree = "<group>"; };
		FB24D992F192CB2602F97077 /* CodexOAuthCredentials.swift */ = {isa = PBXFileReference; includeInIndex = 1; lastKnownFileType = sourcecode.swift; path = CodexOAuthCredentials.swift; sourceTree = "<group>"; };
		FFE27417A4066EB2BB683174 /* CodexConnectivityReport.swift */ = {isa = PBXFileReference; includeInIndex = 1; lastKnownFileType = sourcecode.swift; path = CodexConnectivityReport.swift; sourceTree = "<group>"; };
/* End PBXFileReference section */

/* Begin PBXFrameworksBuildPhase section */
		34646BF009864733F8BEAB38 /* Frameworks */ = {
			isa = PBXFrameworksBuildPhase;
			buildActionMask = 2147483647;
			files = (
				7D1C46C5F6F5671D5C91EA04 /* Cocoa.framework in Frameworks */,
			);
			runOnlyForDeploymentPostprocessing = 0;
		};
		AA70933A7F8DD5D271135BB7 /* Frameworks */ = {
			isa = PBXFrameworksBuildPhase;
			buildActionMask = 2147483647;
			files = (
				745907B067A8E7597942931A /* Cocoa.framework in Frameworks */,
			);
			runOnlyForDeploymentPostprocessing = 0;
		};
		FB925E33F9064181A601CD55 /* Frameworks */ = {
			isa = PBXFrameworksBuildPhase;
			buildActionMask = 2147483647;
			files = (
				E7F32B70B8103FCB929F12CE /* Cocoa.framework in Frameworks */,
			);
			runOnlyForDeploymentPostprocessing = 0;
		};
/* End PBXFrameworksBuildPhase section */

/* Begin PBXGroup section */
		03C4D008A96E69BCEE80008A /* CodexAudioGainService */ = {
			isa = PBXGroup;
			children = (
				4DF4E96FF86154D22DCF90AD /* CodexAudioGainService.swift */,
				54AB56908D59302D7762796A /* main.swift */,
			);
			path = CodexAudioGainService;
			sourceTree = "<group>";
		};
		056FC8E8B4894EC9E69CA499 /* Core */ = {
			isa = PBXGroup;
			children = (
				35E805C785C95A7EBC9D6A3E /* Audio */,
				513640A687AEC7704FAE97B4 /* Codex */,
			);
			path = Core;
			sourceTree = "<group>";
		};
		05B9D5F4D92CCCECE416677C = {
			isa = PBXGroup;
			children = (
				666FEC8EE2EA3BD451DF6E6F /* Products */,
				7FD861621A18F41D0A2797D9 /* Frameworks */,
				91D87EE990F7681DBDF0340D /* Sources */,
				FEE82E8A00FB701D15A722FC /* Tests */,
			);
			sourceTree = "<group>";
		};
		2B60191C0E1E0E4F0DF336CE /* App */ = {
			isa = PBXGroup;
			children = (
				10B53A08C4F04CC39DE6A8B1 /* Assets.xcassets */,
				0D753C3E58A455559B0AA752 /* CodexAudioMonitorApp.swift */,
			);
			path = App;
			sourceTree = "<group>";
		};
		35E805C785C95A7EBC9D6A3E /* Audio */ = {
			isa = PBXGroup;
			children = (
				BF780262AF815587A53AD22D /* AppGainServiceClient.swift */,
				81C4C2CE76F41AC5EB121B20 /* AppGainStore.swift */,
				AE861BE353F6578DD585D665 /* AppGainXPCProtocol.swift */,
				76A5143BEEEB5D577AC17CD4 /* AudioMonitorError.swift */,
				D1A7AC89DAE0798954B3B8F8 /* AudioMonitoringService.swift */,
				0831E0D0995083897A3A5E54 /* AudioMuteBackend.swift */,
				0C45CAA671A4D4674396DF4F /* AudioProcessMonitor.swift */,
				8B463F0BF883D1BB13C658E3 /* AudioProcessSnapshot.swift */,
				B98AA2852839AA164F289F4E /* AudioSession.swift */,
				B13819548E15DCA71B26E030 /* CoreAudioOutputVolumeController.swift */,
				8F188F80FEF9CAC0EDE058C1 /* CoreAudioProcessSnapshotProvider.swift */,
				48E4A1856C22933332BB2B02 /* CoreAudioTapMuteBackend.swift */,
			);
			path = Audio;
			sourceTree = "<group>";
		};
		513640A687AEC7704FAE97B4 /* Codex */ = {
			isa = PBXGroup;
			children = (
				3DE722F861B5246C0D16BED9 /* CodexActionPlan.swift */,
				F8283CE04E5FEF8B35DC124F /* CodexAuthState.swift */,
				F98472E6666F071A2189B1B9 /* CodexBinaryLocator.swift */,
				143122FFDD6444497D09C3C2 /* CodexCLIIntegrationService.swift */,
				20967AD71B6F3306311F49F0 /* CodexCommandExecutor.swift */,
				FFE27417A4066EB2BB683174 /* CodexConnectivityReport.swift */,
				AA8CC8F0F97E259BE8A97A53 /* CodexIntegrationError.swift */,
				50757EB18C72FF8677CA3624 /* CodexIntegrationService.swift */,
				3AA0CD8807F1D7417F652D44 /* CodexLoginRunner.swift */,
				FB24D992F192CB2602F97077 /* CodexOAuthCredentials.swift */,
				1E049C4FB350962E8F3DAA7D /* CodexRuntimeController.swift */,
			);
			path = Codex;
			sourceTree = "<group>";
		};
		5C833B7F6490DC325313AB83 /* DesignSystem */ = {
			isa = PBXGroup;
			children = (
				DEC729618F63F04E7FBCEC48 /* DesignTokens.swift */,
				E05B6E29301C63EC9029D942 /* GlassStylingStrategy.swift */,
			);
			path = DesignSystem;
			sourceTree = "<group>";
		};
		5D504107CF745F3B3F1ADDA0 /* MenuBar */ = {
			isa = PBXGroup;
			children = (
				1A4F005AC01995D9DB0B0ADF /* AudioLevelAnimationView.swift */,
				442E52EF2D602E7158F79414 /* AudioMenuView.swift */,
				895749E3CF366B570CA4020E /* CodexStatusCardView.swift */,
				662311E513AF335147E22644 /* SessionRowView.swift */,
				1418B960416753D6136FECCF /* SettingsView.swift */,
				C18000CECC947096BE0B4906 /* StatusChipView.swift */,
			);
			path = MenuBar;
			sourceTree = "<group>";
		};
		666FEC8EE2EA3BD451DF6E6F /* Products */ = {
			isa = PBXGroup;
			children = (
				6BB0C15605754C0B3D79FD4C /* CodexAudioMonitor.app */,
				26B83C45543504FDE4DF1BF3 /* CodexAudioGainService */,
				A3AF546776EF655B6E6C9F45 /* CodexAudioMonitorTests.xctest */,
			);
			name = Products;
			sourceTree = "<group>";
		};
		7FD861621A18F41D0A2797D9 /* Frameworks */ = {
			isa = PBXGroup;
			children = (
				9B104B1FBE3A6FC86B4F4EE4 /* OS X */,
			);
			name = Frameworks;
			sourceTree = "<group>";
		};
		91D87EE990F7681DBDF0340D /* Sources */ = {
			isa = PBXGroup;
			children = (
				EBEAD57AB78BFBC3E8692724 /* CodexAudioMonitor */,
				03C4D008A96E69BCEE80008A /* CodexAudioGainService */,
			);
			path = Sources;
			sourceTree = "<group>";
		};
		9B104B1FBE3A6FC86B4F4EE4 /* OS X */ = {
			isa = PBXGroup;
			children = (
				C238FF8D3A82277E46230C95 /* Cocoa.framework */,
			);
			name = "OS X";
			sourceTree = "<group>";
		};
		EB03AA10D28904639A96D83A /* TestDoubles */ = {
			isa = PBXGroup;
			children = (
				8418D6480894B4DB1BA95B98 /* CodexTestDoubles.swift */,
			);
			path = TestDoubles;
			sourceTree = "<group>";
		};
		EBEAD57AB78BFBC3E8692724 /* CodexAudioMonitor */ = {
			isa = PBXGroup;
			children = (
				2B60191C0E1E0E4F0DF336CE /* App */,
				056FC8E8B4894EC9E69CA499 /* Core */,
				FCCCDAB03BC65C9180DE0ACD /* Infrastructure */,
				F9BF46FDB5755D959DC67FDD /* UI */,
			);
			path = CodexAudioMonitor;
			sourceTree = "<group>";
		};
		F3E18C6FE2070FAE714FAF02 /* CodexAudioMonitorTests */ = {
			isa = PBXGroup;
			children = (
				531A5BFD8A49A81CC99715CF /* AppGainStoreTests.swift */,
				9BDFE2E90636CDC79DF2FB45 /* AudioProcessMonitorGainTests.swift */,
				A7F7E4D48587C1EB3D5B975F /* CodexCLIIntegrationServiceTests.swift */,
				6D8C04BAB24BC19FB6AAB8F6 /* CodexConnectivityLiveTests.swift */,
				C503631EA1285F4F20857F77 /* CodexRuntimeControllerTests.swift */,
				EB03AA10D28904639A96D83A /* TestDoubles */,
			);
			path = CodexAudioMonitorTests;
			sourceTree = "<group>";
		};
		F9BF46FDB5755D959DC67FDD /* UI */ = {
			isa = PBXGroup;
			children = (
				5C833B7F6490DC325313AB83 /* DesignSystem */,
				5D504107CF745F3B3F1ADDA0 /* MenuBar */,
			);
			path = UI;
			sourceTree = "<group>";
		};
		FCCCDAB03BC65C9180DE0ACD /* Infrastructure */ = {
			isa = PBXGroup;
			children = (
				4885F526A487E081EC5DDE33 /* ProcessRunner.swift */,
			);
			path = Infrastructure;
			sourceTree = "<group>";
		};
		FEE82E8A00FB701D15A722FC /* Tests */ = {
			isa = PBXGroup;
			children = (
				F3E18C6FE2070FAE714FAF02 /* CodexAudioMonitorTests */,
			);
			path = Tests;
			sourceTree = "<group>";
		};
/* End PBXGroup section */

/* Begin PBXNativeTarget section */
		975694C936477B7BF2EA6821 /* CodexAudioMonitorTests */ = {
			isa = PBXNativeTarget;
			buildConfigurationList = 5BE8D20E9C462B21C5983872 /* Build configuration list for PBXNativeTarget "CodexAudioMonitorTests" */;
			buildPhases = (
				86A6FB14DA3358506FB2EB48 /* Sources */,
				AA70933A7F8DD5D271135BB7 /* Frameworks */,
				BC52712FADCD84284A0747C1 /* Resources */,
			);
			buildRules = (
			);
			dependencies = (
				181C84E25EAED3C50AEA8728 /* PBXTargetDependency */,
			);
			name = CodexAudioMonitorTests;
			productName = CodexAudioMonitorTests;
			productReference = A3AF546776EF655B6E6C9F45 /* CodexAudioMonitorTests.xctest */;
			productType = "com.apple.product-type.bundle.unit-test";
		};
		D887B648B093ED22FA7293CC /* CodexAudioMonitorApp */ = {
			isa = PBXNativeTarget;
			buildConfigurationList = 70BC73041891576C555777DA /* Build configuration list for PBXNativeTarget "CodexAudioMonitorApp" */;
			buildPhases = (
				1C91ABE5CFFB9C1E6D05C559 /* Sources */,
				FB925E33F9064181A601CD55 /* Frameworks */,
				6FE8768F7D6B176CFF6B1AA5 /* Resources */,
				4A388D294486443E9793D405 /* Embed XPC Services */,
			);
			buildRules = (
			);
			dependencies = (
				27ED07824D8076893C6B2C8B /* PBXTargetDependency */,
			);
			name = CodexAudioMonitorApp;
			productName = CodexAudioMonitorApp;
			productReference = 6BB0C15605754C0B3D79FD4C /* CodexAudioMonitor.app */;
			productType = "com.apple.product-type.application";
		};
		EA0E811B66DCB4CC0C56B76D /* CodexAudioGainService */ = {
			isa = PBXNativeTarget;
			buildConfigurationList = 687B7065D9C8E09D5D424C35 /* Build configuration list for PBXNativeTarget "CodexAudioGainService" */;
			buildPhases = (
				C218F585AF958B4974CD2B19 /* Sources */,
				34646BF009864733F8BEAB38 /* Frameworks */,
				4AEDB22DFE53135199F6C004 /* Resources */,
			);
			buildRules = (
			);
			dependencies = (
			);
			name = CodexAudioGainService;
			productName = CodexAudioGainService;
			productReference = 26B83C45543504FDE4DF1BF3 /* CodexAudioGainService */;
			productType = "com.apple.product-type.xpc-service";
		};
/* End PBXNativeTarget section */

/* Begin PBXProject section */
		21004671F7C892F23CDB9852 /* Project object */ = {
			isa = PBXProject;
			attributes = {
				LastSwiftUpdateCheck = 2600;
				LastUpgradeCheck = 2600;
				TargetAttributes = {
					975694C936477B7BF2EA6821 = {
						ProvisioningStyle = Automatic;
					};
					D887B648B093ED22FA7293CC = {
						DevelopmentTeam = 2J5JQ97N3K;
						ProvisioningStyle = Automatic;
					};
					EA0E811B66DCB4CC0C56B76D = {
						ProvisioningStyle = Automatic;
					};
				};
			};
			buildConfigurationList = 37B841D5FF42644625A474AB /* Build configuration list for PBXProject "CodexAudioMonitor" */;
			compatibilityVersion = "Xcode 3.2";
			developmentRegion = en;
			hasScannedForEncodings = 0;
			knownRegions = (
				en,
				Base,
			);
			mainGroup = 05B9D5F4D92CCCECE416677C;
			productRefGroup = 666FEC8EE2EA3BD451DF6E6F /* Products */;
			projectDirPath = "";
			projectRoot = "";
			targets = (
				D887B648B093ED22FA7293CC /* CodexAudioMonitorApp */,
				EA0E811B66DCB4CC0C56B76D /* CodexAudioGainService */,
				975694C936477B7BF2EA6821 /* CodexAudioMonitorTests */,
			);
		};
/* End PBXProject section */

/* Begin PBXResourcesBuildPhase section */
		4AEDB22DFE53135199F6C004 /* Resources */ = {
			isa = PBXResourcesBuildPhase;
			buildActionMask = 2147483647;
			files = (
			);
			runOnlyForDeploymentPostprocessing = 0;
		};
		6FE8768F7D6B176CFF6B1AA5 /* Resources */ = {
			isa = PBXResourcesBuildPhase;
			buildActionMask = 2147483647;
			files = (
				10B53A09C4F04CC39DE6A8B1 /* Assets.xcassets in Resources */,
			);
			runOnlyForDeploymentPostprocessing = 0;
		};
		BC52712FADCD84284A0747C1 /* Resources */ = {
			isa = PBXResourcesBuildPhase;
			buildActionMask = 2147483647;
			files = (
			);
			runOnlyForDeploymentPostprocessing = 0;
		};
/* End PBXResourcesBuildPhase section */

/* Begin PBXSourcesBuildPhase section */
		1C91ABE5CFFB9C1E6D05C559 /* Sources */ = {
			isa = PBXSourcesBuildPhase;
			buildActionMask = 2147483647;
			files = (
				7B0A18A012D130EF8F53909C /* CodexAudioMonitorApp.swift in Sources */,
				22B35AE61BB0962B2900E5A5 /* AppGainServiceClient.swift in Sources */,
				60EA4A8F3D57EA17B4872701 /* AppGainStore.swift in Sources */,
				43631258BFFEB3DF6BEF3FC0 /* AppGainXPCProtocol.swift in Sources */,
				A771BDBB2005C4C9DB4D6991 /* AudioMonitorError.swift in Sources */,
				B414C3403AD7DAB309412D41 /* AudioMonitoringService.swift in Sources */,
				9927B1DC7C0A6B308CFF0CA2 /* AudioMuteBackend.swift in Sources */,
				E255ACAD74FC3EF076FF8D74 /* AudioProcessMonitor.swift in Sources */,
				33252965EF27BB87E6FCC0FA /* AudioProcessSnapshot.swift in Sources */,
				9CE8BB89F84DAF7FDE5AA371 /* AudioSession.swift in Sources */,
				0866582B4CB28AB3B75BC815 /* CoreAudioOutputVolumeController.swift in Sources */,
				9C421A791866D3ED2063890D /* CoreAudioProcessSnapshotProvider.swift in Sources */,
				877DFD55C469B8092159C45C /* CoreAudioTapMuteBackend.swift in Sources */,
				63D0B3E9977E4988EE5CC68F /* CodexActionPlan.swift in Sources */,
				764AC098EEDA3F450D36F09D /* CodexAuthState.swift in Sources */,
				8C972A62F3F4C72116DF8444 /* CodexBinaryLocator.swift in Sources */,
				C3E65F9A491FC5FB0DEBAFC8 /* CodexCLIIntegrationService.swift in Sources */,
				EA81499FCE9E6E1C78E3F894 /* CodexCommandExecutor.swift in Sources */,
				F8A7523BF5214C8762450018 /* CodexConnectivityReport.swift in Sources */,
				81DEEF62D3A78798B5E24FF5 /* CodexIntegrationError.swift in Sources */,
				6CB46A466FEF615B42427DDB /* CodexIntegrationService.swift in Sources */,
				1B36142128D1BDAF0EF85C26 /* CodexLoginRunner.swift in Sources */,
				2AD3D4676DD2B5B66223B81F /* CodexOAuthCredentials.swift in Sources */,
				3765A6A6E46EE3681B4297EE /* CodexRuntimeController.swift in Sources */,
				4626E9DBE857B6269465BA4E /* ProcessRunner.swift in Sources */,
				79E5B338842AE339F4C8C66D /* DesignTokens.swift in Sources */,
				DCF882C7591F569FB6A98C4A /* GlassStylingStrategy.swift in Sources */,
				69575AB3071223A5508CF474 /* AudioLevelAnimationView.swift in Sources */,
				47731D719535E18608B99D85 /* AudioMenuView.swift in Sources */,
				D175E691277B2BF0C2EDD93F /* CodexStatusCardView.swift in Sources */,
				D96905D4A8AE9815CEA88E52 /* SessionRowView.swift in Sources */,
				9DDB0B2BF1541E98F818374A /* SettingsView.swift in Sources */,
				D08421DC4F85DC308D0BBB8C /* StatusChipView.swift in Sources */,
			);
			runOnlyForDeploymentPostprocessing = 0;
		};
		86A6FB14DA3358506FB2EB48 /* Sources */ = {
			isa = PBXSourcesBuildPhase;
			buildActionMask = 2147483647;
			files = (
				863A4885F516BDDFE06A3B92 /* AppGainStoreTests.swift in Sources */,
				0E7B8FDA28D2257998D2FFFF /* AudioProcessMonitorGainTests.swift in Sources */,
				E5375DBB3CFAEDD348BC0426 /* CodexCLIIntegrationServiceTests.swift in Sources */,
				39854CB1472C7263C48B7D41 /* CodexConnectivityLiveTests.swift in Sources */,
				464EAE607D543C65B778BFEF /* CodexRuntimeControllerTests.swift in Sources */,
				91D400B59AEB7EEDA30B96B9 /* CodexTestDoubles.swift in Sources */,
			);
			runOnlyForDeploymentPostprocessing = 0;
		};
		C218F585AF958B4974CD2B19 /* Sources */ = {
			isa = PBXSourcesBuildPhase;
			buildActionMask = 2147483647;
			files = (
				697308C8CA99ED899B968777 /* CodexAudioGainService.swift in Sources */,
				B7BC5B144BE95692592328B3 /* main.swift in Sources */,
				C1EAC55A3AC5D54033D2DFA7 /* AppGainXPCProtocol.swift in Sources */,
			);
			runOnlyForDeploymentPostprocessing = 0;
		};
/* End PBXSourcesBuildPhase section */

/* Begin PBXTargetDependency section */
		181C84E25EAED3C50AEA8728 /* PBXTargetDependency */ = {
			isa = PBXTargetDependency;
			name = CodexAudioMonitorApp;
			target = D887B648B093ED22FA7293CC /* CodexAudioMonitorApp */;
			targetProxy = 342C0CC62BEFADE80E87CA5B /* PBXContainerItemProxy */;
		};
		27ED07824D8076893C6B2C8B /* PBXTargetDependency */ = {
			isa = PBXTargetDependency;
			name = CodexAudioGainService;
			target = EA0E811B66DCB4CC0C56B76D /* CodexAudioGainService */;
			targetProxy = C1ED54DDDA10DF09BEE99377 /* PBXContainerItemProxy */;
		};
/* End PBXTargetDependency section */

/* Begin XCBuildConfiguration section */
		5664645892BC4B00CF304544 /* Debug */ = {
			isa = XCBuildConfiguration;
			buildSettings = {
				CODE_SIGN_STYLE = Automatic;
				CURRENT_PROJECT_VERSION = 1;
				ENABLE_HARDENED_RUNTIME = YES;
				GENERATE_INFOPLIST_FILE = NO;
				INFOPLIST_FILE = Sources/CodexAudioGainService/Info.plist;
				MACOSX_DEPLOYMENT_TARGET = 15.0;
				MARKETING_VERSION = 0.2.0;
				PRODUCT_BUNDLE_IDENTIFIER = com.zickox.codexaudiomonitor.gainservice;
				SDKROOT = macosx;
				SKIP_INSTALL = YES;
				SWIFT_VERSION = 6.0;
			};
			name = Debug;
		};
		7194491A06D5F32AC14BB8C8 /* Debug */ = {
			isa = XCBuildConfiguration;
			buildSettings = {
				BUNDLE_LOADER = "$(TEST_HOST)";
				CODE_SIGN_STYLE = Automatic;
				GENERATE_INFOPLIST_FILE = YES;
				MACOSX_DEPLOYMENT_TARGET = 15.0;
				PRODUCT_BUNDLE_IDENTIFIER = com.zickox.codexaudiomonitor.tests;
				SDKROOT = macosx;
				SWIFT_VERSION = 6.0;
				TEST_HOST = "$(BUILT_PRODUCTS_DIR)/CodexAudioMonitor.app/Contents/MacOS/CodexAudioMonitor";
			};
			name = Debug;
		};
		7A072CC3B855BE3A03B91A8A /* Release */ = {
			isa = XCBuildConfiguration;
			buildSettings = {
				ALWAYS_SEARCH_USER_PATHS = NO;
				CLANG_ANALYZER_NONNULL = YES;
				CLANG_ANALYZER_NUMBER_OBJECT_CONVERSION = YES_AGGRESSIVE;
				CLANG_CXX_LANGUAGE_STANDARD = "gnu++14";
				CLANG_CXX_LIBRARY = "libc++";
				CLANG_ENABLE_MODULES = YES;
				CLANG_ENABLE_OBJC_ARC = YES;
				CLANG_ENABLE_OBJC_WEAK = YES;
				CLANG_WARN_BLOCK_CAPTURE_AUTORELEASING = YES;
				CLANG_WARN_BOOL_CONVERSION = YES;
				CLANG_WARN_COMMA = YES;
				CLANG_WARN_CONSTANT_CONVERSION = YES;
				CLANG_WARN_DEPRECATED_OBJC_IMPLEMENTATIONS = YES;
				CLANG_WARN_DIRECT_OBJC_ISA_USAGE = YES_ERROR;
				CLANG_WARN_DOCUMENTATION_COMMENTS = YES;
				CLANG_WARN_EMPTY_BODY = YES;
				CLANG_WARN_ENUM_CONVERSION = YES;
				CLANG_WARN_INFINITE_RECURSION = YES;
				CLANG_WARN_INT_CONVERSION = YES;
				CLANG_WARN_NON_LITERAL_NULL_CONVERSION = YES;
				CLANG_WARN_OBJC_IMPLICIT_RETAIN_SELF = YES;
				CLANG_WARN_OBJC_LITERAL_CONVERSION = YES;
				CLANG_WARN_OBJC_ROOT_CLASS = YES_ERROR;
				CLANG_WARN_QUOTED_INCLUDE_IN_FRAMEWORK_HEADER = YES;
				CLANG_WARN_RANGE_LOOP_ANALYSIS = YES;
				CLANG_WARN_STRICT_PROTOTYPES = YES;
				CLANG_WARN_SUSPICIOUS_MOVE = YES;
				CLANG_WARN_UNGUARDED_AVAILABILITY = YES_AGGRESSIVE;
				CLANG_WARN_UNREACHABLE_CODE = YES;
				CLANG_WARN__DUPLICATE_METHOD_MATCH = YES;
				COPY_PHASE_STRIP = NO;
				DEBUG_INFORMATION_FORMAT = "dwarf-with-dsym";
				ENABLE_NS_ASSERTIONS = NO;
				ENABLE_STRICT_OBJC_MSGSEND = YES;
				GCC_C_LANGUAGE_STANDARD = gnu11;
				GCC_NO_COMMON_BLOCKS = YES;
				GCC_WARN_64_TO_32_BIT_CONVERSION = YES;
				GCC_WARN_ABOUT_RETURN_TYPE = YES_ERROR;
				GCC_WARN_UNDECLARED_SELECTOR = YES;
				GCC_WARN_UNINITIALIZED_AUTOS = YES_AGGRESSIVE;
				GCC_WARN_UNUSED_FUNCTION = YES;
				GCC_WARN_UNUSED_VARIABLE = YES;
				MTL_ENABLE_DEBUG_INFO = NO;
				MTL_FAST_MATH = YES;
				PRODUCT_NAME = "$(TARGET_NAME)";
				SWIFT_OPTIMIZATION_LEVEL = "-Owholemodule";
				SWIFT_VERSION = 5.0;
			};
			name = Release;
		};
		9307F74F5425C5677C3561A1 /* Release */ = {
			isa = XCBuildConfiguration;
			buildSettings = {
				BUNDLE_LOADER = "$(TEST_HOST)";
				CODE_SIGN_STYLE = Automatic;
				GENERATE_INFOPLIST_FILE = YES;
				MACOSX_DEPLOYMENT_TARGET = 15.0;
				PRODUCT_BUNDLE_IDENTIFIER = com.zickox.codexaudiomonitor.tests;
				SDKROOT = macosx;
				SWIFT_VERSION = 6.0;
				TEST_HOST = "$(BUILT_PRODUCTS_DIR)/CodexAudioMonitor.app/Contents/MacOS/CodexAudioMonitor";
			};
			name = Release;
		};
		A4474A246412D42F27110D00 /* Release */ = {
			isa = XCBuildConfiguration;
			buildSettings = {
				CODE_SIGN_STYLE = Automatic;
				CURRENT_PROJECT_VERSION = 1;
				ENABLE_HARDENED_RUNTIME = YES;
				GENERATE_INFOPLIST_FILE = NO;
				INFOPLIST_FILE = Sources/CodexAudioGainService/Info.plist;
				MACOSX_DEPLOYMENT_TARGET = 15.0;
				MARKETING_VERSION = 0.2.0;
				PRODUCT_BUNDLE_IDENTIFIER = com.zickox.codexaudiomonitor.gainservice;
				SDKROOT = macosx;
				SKIP_INSTALL = YES;
				SWIFT_VERSION = 6.0;
			};
			name = Release;
		};
		BF2E4F7BC8C00A490B40990B /* Release */ = {
			isa = XCBuildConfiguration;
			buildSettings = {
				ASSETCATALOG_COMPILER_APPICON_NAME = AppIcon;
				ASSETCATALOG_COMPILER_GLOBAL_ACCENT_COLOR_NAME = AccentColor;
				CODE_SIGN_STYLE = Automatic;
				COMBINE_HIDPI_IMAGES = YES;
				CURRENT_PROJECT_VERSION = 1;
				DEVELOPMENT_TEAM = 2J5JQ97N3K;
				ENABLE_HARDENED_RUNTIME = YES;
				ENABLE_USER_SCRIPT_SANDBOXING = YES;
				GENERATE_INFOPLIST_FILE = NO;
				INFOPLIST_FILE = Sources/CodexAudioMonitor/App/Info.plist;
				LD_RUNPATH_SEARCH_PATHS = "$(inherited) @executable_path/../Frameworks";
				MACOSX_DEPLOYMENT_TARGET = 15.0;
				MARKETING_VERSION = 0.2.0;
				PRODUCT_BUNDLE_IDENTIFIER = com.zickox.codexaudiomonitor;
				PRODUCT_NAME = CodexAudioMonitor;
				SDKROOT = macosx;
				SWIFT_VERSION = 6.0;
			};
			name = Release;
		};
		EFFA8FF929D71EE57B2C7D49 /* Debug */ = {
			isa = XCBuildConfiguration;
			buildSettings = {
				ASSETCATALOG_COMPILER_APPICON_NAME = AppIcon;
				ASSETCATALOG_COMPILER_GLOBAL_ACCENT_COLOR_NAME = AccentColor;
				"CODE_SIGN_IDENTITY[sdk=macosx*]" = "-";
				CODE_SIGN_STYLE = Automatic;
				COMBINE_HIDPI_IMAGES = YES;
				CURRENT_PROJECT_VERSION = 1;
				DEVELOPMENT_TEAM = 2J5JQ97N3K;
				ENABLE_HARDENED_RUNTIME = YES;
				ENABLE_USER_SCRIPT_SANDBOXING = YES;
				GENERATE_INFOPLIST_FILE = NO;
				INFOPLIST_FILE = Sources/CodexAudioMonitor/App/Info.plist;
				LD_RUNPATH_SEARCH_PATHS = "$(inherited) @executable_path/../Frameworks";
				MACOSX_DEPLOYMENT_TARGET = 15.0;
				MARKETING_VERSION = 0.2.0;
				PRODUCT_BUNDLE_IDENTIFIER = com.zickox.codexaudiomonitor;
				PRODUCT_NAME = CodexAudioMonitor;
				SDKROOT = macosx;
				SWIFT_VERSION = 6.0;
			};
			name = Debug;
		};
		F836CBAD26664A08FDA29C8B /* Debug */ = {
			isa = XCBuildConfiguration;
			buildSettings = {
				ALWAYS_SEARCH_USER_PATHS = NO;
				CLANG_ANALYZER_NONNULL = YES;
				CLANG_ANALYZER_NUMBER_OBJECT_CONVERSION = YES_AGGRESSIVE;
				CLANG_CXX_LANGUAGE_STANDARD = "gnu++14";
				CLANG_CXX_LIBRARY = "libc++";
				CLANG_ENABLE_MODULES = YES;
				CLANG_ENABLE_OBJC_ARC = YES;
				CLANG_ENABLE_OBJC_WEAK = YES;
				CLANG_WARN_BLOCK_CAPTURE_AUTORELEASING = YES;
				CLANG_WARN_BOOL_CONVERSION = YES;
				CLANG_WARN_COMMA = YES;
				CLANG_WARN_CONSTANT_CONVERSION = YES;
				CLANG_WARN_DEPRECATED_OBJC_IMPLEMENTATIONS = YES;
				CLANG_WARN_DIRECT_OBJC_ISA_USAGE = YES_ERROR;
				CLANG_WARN_DOCUMENTATION_COMMENTS = YES;
				CLANG_WARN_EMPTY_BODY = YES;
				CLANG_WARN_ENUM_CONVERSION = YES;
				CLANG_WARN_INFINITE_RECURSION = YES;
				CLANG_WARN_INT_CONVERSION = YES;
				CLANG_WARN_NON_LITERAL_NULL_CONVERSION = YES;
				CLANG_WARN_OBJC_IMPLICIT_RETAIN_SELF = YES;
				CLANG_WARN_OBJC_LITERAL_CONVERSION = YES;
				CLANG_WARN_OBJC_ROOT_CLASS = YES_ERROR;
				CLANG_WARN_QUOTED_INCLUDE_IN_FRAMEWORK_HEADER = YES;
				CLANG_WARN_RANGE_LOOP_ANALYSIS = YES;
				CLANG_WARN_STRICT_PROTOTYPES = YES;
				CLANG_WARN_SUSPICIOUS_MOVE = YES;
				CLANG_WARN_UNGUARDED_AVAILABILITY = YES_AGGRESSIVE;
				CLANG_WARN_UNREACHABLE_CODE = YES;
				CLANG_WARN__DUPLICATE_METHOD_MATCH = YES;
				COPY_PHASE_STRIP = NO;
				DEBUG_INFORMATION_FORMAT = dwarf;
				ENABLE_STRICT_OBJC_MSGSEND = YES;
				ENABLE_TESTABILITY = YES;
				GCC_C_LANGUAGE_STANDARD = gnu11;
				GCC_DYNAMIC_NO_PIC = NO;
				GCC_NO_COMMON_BLOCKS = YES;
				GCC_OPTIMIZATION_LEVEL = 0;
				GCC_PREPROCESSOR_DEFINITIONS = (
					"DEBUG=1",
					"$(inherited)",
				);
				GCC_WARN_64_TO_32_BIT_CONVERSION = YES;
				GCC_WARN_ABOUT_RETURN_TYPE = YES_ERROR;
				GCC_WARN_UNDECLARED_SELECTOR = YES;
				GCC_WARN_UNINITIALIZED_AUTOS = YES_AGGRESSIVE;
				GCC_WARN_UNUSED_FUNCTION = YES;
				GCC_WARN_UNUSED_VARIABLE = YES;
				MTL_ENABLE_DEBUG_INFO = INCLUDE_SOURCE;
				MTL_FAST_MATH = YES;
				ONLY_ACTIVE_ARCH = YES;
				PRODUCT_NAME = "$(TARGET_NAME)";
				SWIFT_ACTIVE_COMPILATION_CONDITIONS = DEBUG;
				SWIFT_OPTIMIZATION_LEVEL = "-Onone";
				SWIFT_VERSION = 5.0;
			};
			name = Debug;
		};
/* End XCBuildConfiguration section */

/* Begin XCConfigurationList section */
		37B841D5FF42644625A474AB /* Build configuration list for PBXProject "CodexAudioMonitor" */ = {
			isa = XCConfigurationList;
			buildConfigurations = (
				F836CBAD26664A08FDA29C8B /* Debug */,
				7A072CC3B855BE3A03B91A8A /* Release */,
			);
			defaultConfigurationIsVisible = 0;
			defaultConfigurationName = Release;
		};
		5BE8D20E9C462B21C5983872 /* Build configuration list for PBXNativeTarget "CodexAudioMonitorTests" */ = {
			isa = XCConfigurationList;
			buildConfigurations = (
				9307F74F5425C5677C3561A1 /* Release */,
				7194491A06D5F32AC14BB8C8 /* Debug */,
			);
			defaultConfigurationIsVisible = 0;
			defaultConfigurationName = Release;
		};
		687B7065D9C8E09D5D424C35 /* Build configuration list for PBXNativeTarget "CodexAudioGainService" */ = {
			isa = XCConfigurationList;
			buildConfigurations = (
				A4474A246412D42F27110D00 /* Release */,
				5664645892BC4B00CF304544 /* Debug */,
			);
			defaultConfigurationIsVisible = 0;
			defaultConfigurationName = Release;
		};
		70BC73041891576C555777DA /* Build configuration list for PBXNativeTarget "CodexAudioMonitorApp" */ = {
			isa = XCConfigurationList;
			buildConfigurations = (
				BF2E4F7BC8C00A490B40990B /* Release */,
				EFFA8FF929D71EE57B2C7D49 /* Debug */,
			);
			defaultConfigurationIsVisible = 0;
			defaultConfigurationName = Release;
		};
/* End XCConfigurationList section */
	};
	rootObject = 21004671F7C892F23CDB9852 /* Project object */;
}
