// !$*UTF8*$!
{
	archiveVersion = 1;
	classes = {
	};
	objectVersion = 46;
	objects = {

/* Begin PBXBuildFile section */
		0679D77D3640E0D598816DE3 /* CoreAudioProcessSnapshotProvider.swift in Sources */ = {isa = PBXBuildFile; fileRef = 639490F15AC8E79310B72DEC /* CoreAudioProcessSnapshotProvider.swift */; };
		0777E1236CBEE6956E02AC89 /* CodexConnectivityReport.swift in Sources */ = {isa = PBXBuildFile; fileRef = 38BD2C463C5808A68ABEEB01 /* CodexConnectivityReport.swift */; };
		10D51D5C3815284812AAD154 /* AppGainStoreTests.swift in Sources */ = {isa = PBXBuildFile; fileRef = 8C586379FD7FFEDEC4DFF8E1 /* AppGainStoreTests.swift */; };
		11FF08834EED8E6C78360F73 /* GlassStylingStrategy.swift in Sources */ = {isa = PBXBuildFile; fileRef = BD506AEBC0E44B2D1A747E81 /* GlassStylingStrategy.swift */; };
		16E5912965AA495FD6F0BE4D /* DesignTokens.swift in Sources */ = {isa = PBXBuildFile; fileRef = 87E307718C2CECE6207E78C0 /* DesignTokens.swift */; };
		1949CDB59C020287EB56F8E4 /* CodexBinaryLocator.swift in Sources */ = {isa = PBXBuildFile; fileRef = B4546C9A593F8ECE022221A1 /* CodexBinaryLocator.swift */; };
		2552973B42ABCF782ECC89C8 /* AudioProcessMonitorGainTests.swift in Sources */ = {isa = PBXBuildFile; fileRef = 3AFCCF001FE9CDF8A8165B25 /* AudioProcessMonitorGainTests.swift */; };
		308A3A918E91226AD9B8CDBE /* CodexCLIIntegrationServiceTests.swift in Sources */ = {isa = PBXBuildFile; fileRef = F52BD85BF79C718F7691C190 /* CodexCLIIntegrationServiceTests.swift */; };
		39D872389635FD1AE362C3E7 /* AppGainStore.swift in Sources */ = {isa = PBXBuildFile; fileRef = BCD1786994A0AAF18A8262B2 /* AppGainStore.swift */; };
		3DA3155601458077DBD955B8 /* CodexLoginRunner.swift in Sources */ = {isa = PBXBuildFile; fileRef = 7DC6E8DB17468D72B8BBBE8D /* CodexLoginRunner.swift */; };
		42FA1A14D98CA714521786E1 /* CodexOAuthCredentials.swift in Sources */ = {isa = PBXBuildFile; fileRef = C447208270996BE2B4B3EF1C /* CodexOAuthCredentials.swift */; };
		4C7E57EC356F70A75B9CC5C0 /* CodexCommandExecutor.swift in Sources */ = {isa = PBXBuildFile; fileRef = 4C44B6A36D9043271FB99202 /* CodexCommandExecutor.swift */; };
		4EEF5245180FF92E7D7C00AD /* StatusChipView.swift in Sources */ = {isa = PBXBuildFile; fileRef = A8311F671EBDB9A97B1FFFBB /* StatusChipView.swift */; };
		53AF2069BC5C1A7EEEE1D4EB /* CodexConnectivityLiveTests.swift in Sources */ = {isa = PBXBuildFile; fileRef = F06E673B0FC5723689999879 /* CodexConnectivityLiveTests.swift */; };
		561585044F5C164F0A5D7FA5 /* CoreAudioTapMuteBackend.swift in Sources */ = {isa = PBXBuildFile; fileRef = 6F6F96C6C3CE5CC72EF518A6 /* CoreAudioTapMuteBackend.swift */; };
		5A59D306E991F98751692B7D /* ProcessRunner.swift in Sources */ = {isa = PBXBuildFile; fileRef = 8D308522D3F13B8F9F36FE6F /* ProcessRunner.swift */; };
		5D259CA8EB76B51E1AD70676 /* Cocoa.framework in Frameworks */ = {isa = PBXBuildFile; fileRef = FF22319E5CEFF458D5FD6DB9 /* Cocoa.framework */; };
		6AA21D895C77197B6F35741F /* CodexAuthState.swift in Sources */ = {isa = PBXBuildFile; fileRef = CC20BCBCD6C446D6F9991218 /* CodexAuthState.swift */; };
		6F18FA95C77E9B4A10FCFF26 /* CodexIntegrationService.swift in Sources */ = {isa = PBXBuildFile; fileRef = AC35A1F3A5961AB6F962DEBC /* CodexIntegrationService.swift */; };
		71FDB5D92380F0569BB0B289 /* AudioSession.swift in Sources */ = {isa = PBXBuildFile; fileRef = 68EC039066703A633D6B8DB6 /* AudioSession.swift */; };
		7737CFDF8DC3BAE552FE6434 /* AudioMonitorError.swift in Sources */ = {isa = PBXBuildFile; fileRef = 63A56B682E2498370563F216 /* AudioMonitorError.swift */; };
		8042CFC89B59E5DC66A9DD4F /* CodexStatusCardView.swift in Sources */ = {isa = PBXBuildFile; fileRef = ACCD99EA4D300835FB9FC209 /* CodexStatusCardView.swift */; };
		8217611A83D707C3E9DC08C5 /* CodexTestDoubles.swift in Sources */ = {isa = PBXBuildFile; fileRef = 92770CEF6F3B544927697599 /* CodexTestDoubles.swift */; };
		95258ED5607B7808A30D3FB9 /* AudioProcessSnapshot.swift in Sources */ = {isa = PBXBuildFile; fileRef = 5309609A3049BD021556261D /* AudioProcessSnapshot.swift */; };
		9A8B50FF639457C4FCD196D6 /* AudioProcessMonitor.swift in Sources */ = {isa = PBXBuildFile; fileRef = 6D2A99A02AC4AB60B8053AB0 /* AudioProcessMonitor.swift */; };
		A1A621C5AC67196F872F0EB8 /* CodexIntegrationError.swift in Sources */ = {isa = PBXBuildFile; fileRef = 0C8309260D300AFAD1C71314 /* CodexIntegrationError.swift */; };
		A6146D349816C42106317F82 /* AudioMuteBackend.swift in Sources */ = {isa = PBXBuildFile; fileRef = 5FFF031E06EFFC497FA1A245 /* AudioMuteBackend.swift */; };
		A73ABD4E8211718D35F83E18 /* AudioMonitoringService.swift in Sources */ = {isa = PBXBuildFile; fileRef = BE0F185B0F3934C3D34FB3D9 /* AudioMonitoringService.swift */; };
		A9996533F0A3FC71D560FDA9 /* CoreAudioOutputVolumeController.swift in Sources */ = {isa = PBXBuildFile; fileRef = 062EE2992FAE5C0E160BCE7C /* CoreAudioOutputVolumeController.swift */; };
		A9E565BA3DC312E6962B7000 /* CodexAudioMonitorApp.swift in Sources */ = {isa = PBXBuildFile; fileRef = 24EE450170C97AF91D91BF1F /* CodexAudioMonitorApp.swift */; };
		B7A26522967FB3782DEBB416 /* Cocoa.framework in Frameworks */ = {isa = PBXBuildFile; fileRef = FF22319E5CEFF458D5FD6DB9 /* Cocoa.framework */; };
		C05F689086A7418106C91278 /* SettingsView.swift in Sources */ = {isa = PBXBuildFile; fileRef = 54FBE2A5B126CB4440F31879 /* SettingsView.swift */; };
		C2615399BD01164B9828D363 /* CodexCLIIntegrationService.swift in Sources */ = {isa = PBXBuildFile; fileRef = C232570B8E55F66EBDD0C123 /* CodexCLIIntegrationService.swift */; };
		C7D4AF70E30CC132D31278D0 /* AudioMenuView.swift in Sources */ = {isa = PBXBuildFile; fileRef = DFF57308A19B3249B5F088F9 /* AudioMenuView.swift */; };
		D02C607ACDF745E1748D840E /* SessionRowView.swift in Sources */ = {isa = PBXBuildFile; fileRef = 0B045A5609C71A5A2E81C657 /* SessionRowView.swift */; };
		D0F80293CDDA7A44D52F6CFA /* CodexActionPlan.swift in Sources */ = {isa = PBXBuildFile; fileRef = 3E2EF19DB7375319ADAADAD4 /* CodexActionPlan.swift */; };
		DB9BD1F2A27C3B3149874E25 /* CodexRuntimeControllerTests.swift in Sources */ = {isa = PBXBuildFile; fileRef = EF1523FCF84E530819057619 /* CodexRuntimeControllerTests.swift */; };
		E0EE1F68A37EAFFAEFFE5B09 /* AudioLevelAnimationView.swift in Sources */ = {isa = PBXBuildFile; fileRef = 7A207814D666C20B0C523CC1 /* AudioLevelAnimationView.swift */; };
		F381D40217417F97673AC9EF /* CodexRuntimeController.swift in Sources */ = {isa = PBXBuildFile; fileRef = D2970697CE6EA7FCD12B271D /* CodexRuntimeController.swift */; };
/* End PBXBuildFile section */

/* Begin PBXContainerItemProxy section */
		30459F79C3FDF3D6A0651D57 /* PBXContainerItemProxy */ = {
			isa = PBXContainerItemProxy;
			containerPortal = 3C194B1A67E34E104C675C4D /* Project object */;
			proxyType = 1;
			remoteGlobalIDString = 253985F5F3A6A96FB003C770;
			remoteInfo = CodexAudioMonitorApp;
		};
/* End PBXContainerItemProxy section */

/* Begin PBXFileReference section */
		062EE2992FAE5C0E160BCE7C /* CoreAudioOutputVolumeController.swift */ = {isa = PBXFileReference; includeInIndex = 1; lastKnownFileType = sourcecode.swift; path = CoreAudioOutputVolumeController.swift; sourceTree = "<group>"; };
		0B045A5609C71A5A2E81C657 /* SessionRowView.swift */ = {isa = PBXFileReference; includeInIndex = 1; lastKnownFileType = sourcecode.swift; path = SessionRowView.swift; sourceTree = "<group>"; };
		0C8309260D300AFAD1C71314 /* CodexIntegrationError.swift */ = {isa = PBXFileReference; includeInIndex = 1; lastKnownFileType = sourcecode.swift; path = CodexIntegrationError.swift; sourceTree = "<group>"; };
		24EE450170C97AF91D91BF1F /* CodexAudioMonitorApp.swift */ = {isa = PBXFileReference; includeInIndex = 1; lastKnownFileType = sourcecode.swift; path = CodexAudioMonitorApp.swift; sourceTree = "<group>"; };
		32B9380F7E85113A918D8D14 /* CodexAudioMonitorTests.xctest */ = {isa = PBXFileReference; explicitFileType = wrapper.cfbundle; includeInIndex = 0; path = CodexAudioMonitorTests.xctest; sourceTree = BUILT_PRODUCTS_DIR; };
		38BD2C463C5808A68ABEEB01 /* CodexConnectivityReport.swift */ = {isa = PBXFileReference; includeInIndex = 1; lastKnownFileType = sourcecode.swift; path = CodexConnectivityReport.swift; sourceTree = "<group>"; };
		3AFCCF001FE9CDF8A8165B25 /* AudioProcessMonitorGainTests.swift */ = {isa = PBXFileReference; includeInIndex = 1; lastKnownFileType = sourcecode.swift; path = AudioProcessMonitorGainTests.swift; sourceTree = "<group>"; };
		3E2EF19DB7375319ADAADAD4 /* CodexActionPlan.swift */ = {isa = PBXFileReference; includeInIndex = 1; lastKnownFileType = sourcecode.swift; path = CodexActionPlan.swift; sourceTree = "<group>"; };
		4C44B6A36D9043271FB99202 /* CodexCommandExecutor.swift */ = {isa = PBXFileReference; includeInIndex = 1; lastKnownFileType = sourcecode.swift; path = CodexCommandExecutor.swift; sourceTree = "<group>"; };
		5309609A3049BD021556261D /* AudioProcessSnapshot.swift */ = {isa = PBXFileReference; includeInIndex = 1; lastKnownFileType = sourcecode.swift; path = AudioProcessSnapshot.swift; sourceTree = "<group>"; };
		54FBE2A5B126CB4440F31879 /* SettingsView.swift */ = {isa = PBXFileReference; includeInIndex = 1; lastKnownFileType = sourcecode.swift; path = SettingsView.swift; sourceTree = "<group>"; };
		5FFF031E06EFFC497FA1A245 /* AudioMuteBackend.swift */ = {isa = PBXFileReference; includeInIndex = 1; lastKnownFileType = sourcecode.swift; path = AudioMuteBackend.swift; sourceTree = "<group>"; };
		639490F15AC8E79310B72DEC /* CoreAudioProcessSnapshotProvider.swift */ = {isa = PBXFileReference; includeInIndex = 1; lastKnownFileType = sourcecode.swift; path = CoreAudioProcessSnapshotProvider.swift; sourceTree = "<group>"; };
		63A56B682E2498370563F216 /* AudioMonitorError.swift */ = {isa = PBXFileReference; includeInIndex = 1; lastKnownFileType = sourcecode.swift; path = AudioMonitorError.swift; sourceTree = "<group>"; };
		68EC039066703A633D6B8DB6 /* AudioSession.swift */ = {isa = PBXFileReference; includeInIndex = 1; lastKnownFileType = sourcecode.swift; path = AudioSession.swift; sourceTree = "<group>"; };
		6D2A99A02AC4AB60B8053AB0 /* AudioProcessMonitor.swift */ = {isa = PBXFileReference; includeInIndex = 1; lastKnownFileType = sourcecode.swift; path = AudioProcessMonitor.swift; sourceTree = "<group>"; };
		6F6F96C6C3CE5CC72EF518A6 /* CoreAudioTapMuteBackend.swift */ = {isa = PBXFileReference; includeInIndex = 1; lastKnownFileType = sourcecode.swift; path = CoreAudioTapMuteBackend.swift; sourceTree = "<group>"; };
		7A207814D666C20B0C523CC1 /* AudioLevelAnimationView.swift */ = {isa = PBXFileReference; includeInIndex = 1; lastKnownFileType = sourcecode.swift; path = AudioLevelAnimationView.swift; sourceTree = "<group>"; };
		7DC6E8DB17468D72B8BBBE8D /* CodexLoginRunner.swift */ = {isa = PBXFileReference; includeInIndex = 1; lastKnownFileType = sourcecode.swift; path = CodexLoginRunner.swift; sourceTree = "<group>"; };
		87E307718C2CECE6207E78C0 /* DesignTokens.swift */ = {isa = PBXFileReference; includeInIndex = 1; lastKnownFileType = sourcecode.swift; path = DesignTokens.swift; sourceTree = "<group>"; };
		8C586379FD7FFEDEC4DFF8E1 /* AppGainStoreTests.swift */ = {isa = PBXFileReference; includeInIndex = 1; lastKnownFileType = sourcecode.swift; path = AppGainStoreTests.swift; sourceTree = "<group>"; };
		8D308522D3F13B8F9F36FE6F /* ProcessRunner.swift */ = {isa = PBXFileReference; includeInIndex = 1; lastKnownFileType = sourcecode.swift; path = ProcessRunner.swift; sourceTree = "<group>"; };
		92770CEF6F3B544927697599 /* CodexTestDoubles.swift */ = {isa = PBXFileReference; includeInIndex = 1; lastKnownFileType = sourcecode.swift; path = CodexTestDoubles.swift; sourceTree = "<group>"; };
		A8311F671EBDB9A97B1FFFBB /* StatusChipView.swift */ = {isa = PBXFileReference; includeInIndex = 1; lastKnownFileType = sourcecode.swift; path = StatusChipView.swift; sourceTree = "<group>"; };
		AC35A1F3A5961AB6F962DEBC /* CodexIntegrationService.swift */ = {isa = PBXFileReference; includeInIndex = 1; lastKnownFileType = sourcecode.swift; path = CodexIntegrationService.swift; sourceTree = "<group>"; };
		ACCD99EA4D300835FB9FC209 /* CodexStatusCardView.swift */ = {isa = PBXFileReference; includeInIndex = 1; lastKnownFileType = sourcecode.swift; path = CodexStatusCardView.swift; sourceTree = "<group>"; };
		B4546C9A593F8ECE022221A1 /* CodexBinaryLocator.swift */ = {isa = PBXFileReference; includeInIndex = 1; lastKnownFileType = sourcecode.swift; path = CodexBinaryLocator.swift; sourceTree = "<group>"; };
		BCD1786994A0AAF18A8262B2 /* AppGainStore.swift */ = {isa = PBXFileReference; includeInIndex = 1; lastKnownFileType = sourcecode.swift; path = AppGainStore.swift; sourceTree = "<group>"; };
		BD506AEBC0E44B2D1A747E81 /* GlassStylingStrategy.swift */ = {isa = PBXFileReference; includeInIndex = 1; lastKnownFileType = sourcecode.swift; path = GlassStylingStrategy.swift; sourceTree = "<group>"; };
		BE0F185B0F3934C3D34FB3D9 /* AudioMonitoringService.swift */ = {isa = PBXFileReference; includeInIndex = 1; lastKnownFileType = sourcecode.swift; path = AudioMonitoringService.swift; sourceTree = "<group>"; };
		C0E04A37A223104B42A6D031 /* CodexAudioMonitorApp.app */ = {isa = PBXFileReference; explicitFileType = wrapper.application; includeInIndex = 0; path = CodexAudioMonitorApp.app; sourceTree = BUILT_PRODUCTS_DIR; };
		C232570B8E55F66EBDD0C123 /* CodexCLIIntegrationService.swift */ = {isa = PBXFileReference; includeInIndex = 1; lastKnownFileType = sourcecode.swift; path = CodexCLIIntegrationService.swift; sourceTree = "<group>"; };
		C447208270996BE2B4B3EF1C /* CodexOAuthCredentials.swift */ = {isa = PBXFileReference; includeInIndex = 1; lastKnownFileType = sourcecode.swift; path = CodexOAuthCredentials.swift; sourceTree = "<group>"; };
		CC20BCBCD6C446D6F9991218 /* CodexAuthState.swift */ = {isa = PBXFileReference; includeInIndex = 1; lastKnownFileType = sourcecode.swift; path = CodexAuthState.swift; sourceTree = "<group>"; };
		D2970697CE6EA7FCD12B271D /* CodexRuntimeController.swift */ = {isa = PBXFileReference; includeInIndex = 1; lastKnownFileType = sourcecode.swift; path = CodexRuntimeController.swift; sourceTree = "<group>"; };
		DFF57308A19B3249B5F088F9 /* AudioMenuView.swift */ = {isa = PBXFileReference; includeInIndex = 1; lastKnownFileType = sourcecode.swift; path = AudioMenuView.swift; sourceTree = "<group>"; };
		EF1523FCF84E530819057619 /* CodexRuntimeControllerTests.swift */ = {isa = PBXFileReference; includeInIndex = 1; lastKnownFileType = sourcecode.swift; path = CodexRuntimeControllerTests.swift; sourceTree = "<group>"; };
		F06E673B0FC5723689999879 /* CodexConnectivityLiveTests.swift */ = {isa = PBXFileReference; includeInIndex = 1; lastKnownFileType = sourcecode.swift; path = CodexConnectivityLiveTests.swift; sourceTree = "<group>"; };
		F52BD85BF79C718F7691C190 /* CodexCLIIntegrationServiceTests.swift */ = {isa = PBXFileReference; includeInIndex = 1; lastKnownFileType = sourcecode.swift; path = CodexCLIIntegrationServiceTests.swift; sourceTree = "<group>"; };
		FF22319E5CEFF458D5FD6DB9 /* Cocoa.framework */ = {isa = PBXFileReference; lastKnownFileType = wrapper.framework; name = Cocoa.framework; path = Platforms/MacOSX.platform/Developer/SDKs/MacOSX10.15.sdk/System/Library/Frameworks/Cocoa.framework; sourceTree = DEVELOPER_DIR; };
/* End PBXFileReference section */

/* Begin PBXFrameworksBuildPhase section */
		0EB21EA1CDF23C83F7D81D93 /* Frameworks */ = {
			isa = PBXFrameworksBuildPhase;
			buildActionMask = 2147483647;
			files = (
				B7A26522967FB3782DEBB416 /* Cocoa.framework in Frameworks */,
			);
			runOnlyForDeploymentPostprocessing = 0;
		};
		277FC4E18CAB4DD54E90E829 /* Frameworks */ = {
			isa = PBXFrameworksBuildPhase;
			buildActionMask = 2147483647;
			files = (
				5D259CA8EB76B51E1AD70676 /* Cocoa.framework in Frameworks */,
			);
			runOnlyForDeploymentPostprocessing = 0;
		};
/* End PBXFrameworksBuildPhase section */

/* Begin PBXGroup section */
		00DBFA1738EAB47A2BEAC3C2 /* Frameworks */ = {
			isa = PBXGroup;
			children = (
				0E76DCC5BBD5DF37E498C889 /* OS X */,
			);
			name = Frameworks;
			sourceTree = "<group>";
		};
		017A2CB87FE88A88E0D4CA4B /* UI */ = {
			isa = PBXGroup;
			children = (
				C34D5FC9A344AC69F786FC81 /* DesignSystem */,
				07159B1721DC4F610D3DAA75 /* MenuBar */,
			);
			name = UI;
			path = UI;
			sourceTree = "<group>";
		};
		07159B1721DC4F610D3DAA75 /* MenuBar */ = {
			isa = PBXGroup;
			children = (
				7A207814D666C20B0C523CC1 /* AudioLevelAnimationView.swift */,
				DFF57308A19B3249B5F088F9 /* AudioMenuView.swift */,
				ACCD99EA4D300835FB9FC209 /* CodexStatusCardView.swift */,
				0B045A5609C71A5A2E81C657 /* SessionRowView.swift */,
				54FBE2A5B126CB4440F31879 /* SettingsView.swift */,
				A8311F671EBDB9A97B1FFFBB /* StatusChipView.swift */,
			);
			name = MenuBar;
			path = MenuBar;
			sourceTree = "<group>";
		};
		0E76DCC5BBD5DF37E498C889 /* OS X */ = {
			isa = PBXGroup;
			children = (
				FF22319E5CEFF458D5FD6DB9 /* Cocoa.framework */,
			);
			name = "OS X";
			sourceTree = "<group>";
		};
		17EA201C85E552CD8809592E = {
			isa = PBXGroup;
			children = (
				83FC498CBBEA8CBE19FF2260 /* Products */,
				00DBFA1738EAB47A2BEAC3C2 /* Frameworks */,
				4C2F07D962692B7F3813584A /* Sources */,
				2BA5F0EF599F40391DE21BA6 /* Tests */,
			);
			sourceTree = "<group>";
		};
		2BA5F0EF599F40391DE21BA6 /* Tests */ = {
			isa = PBXGroup;
			children = (
				ACB7D9D55166FF2661796319 /* CodexAudioMonitorTests */,
			);
			name = Tests;
			path = Tests;
			sourceTree = "<group>";
		};
		4C2F07D962692B7F3813584A /* Sources */ = {
			isa = PBXGroup;
			children = (
				C6FEA1104934995555F55F38 /* CodexAudioMonitor */,
			);
			name = Sources;
			path = Sources;
			sourceTree = "<group>";
		};
		5E07DA76158AA30F0666082F /* Codex */ = {
			isa = PBXGroup;
			children = (
				3E2EF19DB7375319ADAADAD4 /* CodexActionPlan.swift */,
				CC20BCBCD6C446D6F9991218 /* CodexAuthState.swift */,
				B4546C9A593F8ECE022221A1 /* CodexBinaryLocator.swift */,
				C232570B8E55F66EBDD0C123 /* CodexCLIIntegrationService.swift */,
				4C44B6A36D9043271FB99202 /* CodexCommandExecutor.swift */,
				38BD2C463C5808A68ABEEB01 /* CodexConnectivityReport.swift */,
				0C8309260D300AFAD1C71314 /* CodexIntegrationError.swift */,
				AC35A1F3A5961AB6F962DEBC /* CodexIntegrationService.swift */,
				7DC6E8DB17468D72B8BBBE8D /* CodexLoginRunner.swift */,
				C447208270996BE2B4B3EF1C /* CodexOAuthCredentials.swift */,
				D2970697CE6EA7FCD12B271D /* CodexRuntimeController.swift */,
			);
			name = Codex;
			path = Codex;
			sourceTree = "<group>";
		};
		83FC498CBBEA8CBE19FF2260 /* Products */ = {
			isa = PBXGroup;
			children = (
				C0E04A37A223104B42A6D031 /* CodexAudioMonitorApp.app */,
				32B9380F7E85113A918D8D14 /* CodexAudioMonitorTests.xctest */,
			);
			name = Products;
			sourceTree = "<group>";
		};
		8A73134C8C00167C4B12093B /* Infrastructure */ = {
			isa = PBXGroup;
			children = (
				8D308522D3F13B8F9F36FE6F /* ProcessRunner.swift */,
			);
			name = Infrastructure;
			path = Infrastructure;
			sourceTree = "<group>";
		};
		94CE62A51B30B0DFB717CD8D /* Audio */ = {
			isa = PBXGroup;
			children = (
				BCD1786994A0AAF18A8262B2 /* AppGainStore.swift */,
				63A56B682E2498370563F216 /* AudioMonitorError.swift */,
				BE0F185B0F3934C3D34FB3D9 /* AudioMonitoringService.swift */,
				5FFF031E06EFFC497FA1A245 /* AudioMuteBackend.swift */,
				6D2A99A02AC4AB60B8053AB0 /* AudioProcessMonitor.swift */,
				5309609A3049BD021556261D /* AudioProcessSnapshot.swift */,
				68EC039066703A633D6B8DB6 /* AudioSession.swift */,
				062EE2992FAE5C0E160BCE7C /* CoreAudioOutputVolumeController.swift */,
				639490F15AC8E79310B72DEC /* CoreAudioProcessSnapshotProvider.swift */,
				6F6F96C6C3CE5CC72EF518A6 /* CoreAudioTapMuteBackend.swift */,
			);
			name = Audio;
			path = Audio;
			sourceTree = "<group>";
		};
		95B1ABCA654467A22E264E48 /* App */ = {
			isa = PBXGroup;
			children = (
				24EE450170C97AF91D91BF1F /* CodexAudioMonitorApp.swift */,
			);
			name = App;
			path = App;
			sourceTree = "<group>";
		};
		A78AC7BA5032B6DBB2787338 /* Core */ = {
			isa = PBXGroup;
			children = (
				94CE62A51B30B0DFB717CD8D /* Audio */,
				5E07DA76158AA30F0666082F /* Codex */,
			);
			name = Core;
			path = Core;
			sourceTree = "<group>";
		};
		ACB7D9D55166FF2661796319 /* CodexAudioMonitorTests */ = {
			isa = PBXGroup;
			children = (
				8C586379FD7FFEDEC4DFF8E1 /* AppGainStoreTests.swift */,
				3AFCCF001FE9CDF8A8165B25 /* AudioProcessMonitorGainTests.swift */,
				F52BD85BF79C718F7691C190 /* CodexCLIIntegrationServiceTests.swift */,
				F06E673B0FC5723689999879 /* CodexConnectivityLiveTests.swift */,
				EF1523FCF84E530819057619 /* CodexRuntimeControllerTests.swift */,
				EFD20155C7F298DAA4E08150 /* TestDoubles */,
			);
			name = CodexAudioMonitorTests;
			path = CodexAudioMonitorTests;
			sourceTree = "<group>";
		};
		C34D5FC9A344AC69F786FC81 /* DesignSystem */ = {
			isa = PBXGroup;
			children = (
				87E307718C2CECE6207E78C0 /* DesignTokens.swift */,
				BD506AEBC0E44B2D1A747E81 /* GlassStylingStrategy.swift */,
			);
			name = DesignSystem;
			path = DesignSystem;
			sourceTree = "<group>";
		};
		C6FEA1104934995555F55F38 /* CodexAudioMonitor */ = {
			isa = PBXGroup;
			children = (
				95B1ABCA654467A22E264E48 /* App */,
				A78AC7BA5032B6DBB2787338 /* Core */,
				8A73134C8C00167C4B12093B /* Infrastructure */,
				017A2CB87FE88A88E0D4CA4B /* UI */,
			);
			name = CodexAudioMonitor;
			path = CodexAudioMonitor;
			sourceTree = "<group>";
		};
		EFD20155C7F298DAA4E08150 /* TestDoubles */ = {
			isa = PBXGroup;
			children = (
				92770CEF6F3B544927697599 /* CodexTestDoubles.swift */,
			);
			name = TestDoubles;
			path = TestDoubles;
			sourceTree = "<group>";
		};
/* End PBXGroup section */

/* Begin PBXNativeTarget section */
		253985F5F3A6A96FB003C770 /* CodexAudioMonitorApp */ = {
			isa = PBXNativeTarget;
			buildConfigurationList = 69174C86BF2F2B6996BB6132 /* Build configuration list for PBXNativeTarget "CodexAudioMonitorApp" */;
			buildPhases = (
				07EDA55B383BC26818E05887 /* Sources */,
				0EB21EA1CDF23C83F7D81D93 /* Frameworks */,
				26D58BC49CF399C7AB650014 /* Resources */,
			);
			buildRules = (
			);
			dependencies = (
			);
			name = CodexAudioMonitorApp;
			productName = CodexAudioMonitorApp;
			productReference = C0E04A37A223104B42A6D031 /* CodexAudioMonitorApp.app */;
			productType = "com.apple.product-type.application";
		};
		8053F77C3AC536FE44BD61A4 /* CodexAudioMonitorTests */ = {
			isa = PBXNativeTarget;
			buildConfigurationList = 118F7E9B04801D9BEE493280 /* Build configuration list for PBXNativeTarget "CodexAudioMonitorTests" */;
			buildPhases = (
				2BD745646F9FF7F0CD342621 /* Sources */,
				277FC4E18CAB4DD54E90E829 /* Frameworks */,
				9DA2C5DBF561F16A0F6C01D0 /* Resources */,
			);
			buildRules = (
			);
			dependencies = (
				ADD588742BEB50C84C70FECE /* PBXTargetDependency */,
			);
			name = CodexAudioMonitorTests;
			productName = CodexAudioMonitorTests;
			productReference = 32B9380F7E85113A918D8D14 /* CodexAudioMonitorTests.xctest */;
			productType = "com.apple.product-type.bundle.unit-test";
		};
/* End PBXNativeTarget section */

/* Begin PBXProject section */
		3C194B1A67E34E104C675C4D /* Project object */ = {
			isa = PBXProject;
			attributes = {
				LastSwiftUpdateCheck = 2600;
				LastUpgradeCheck = 2600;
			};
			buildConfigurationList = F884AAF28DAA1E3390FE86C3 /* Build configuration list for PBXProject "CodexAudioMonitor" */;
			compatibilityVersion = "Xcode 3.2";
			developmentRegion = en;
			hasScannedForEncodings = 0;
			knownRegions = (
				en,
				Base,
			);
			mainGroup = 17EA201C85E552CD8809592E;
			productRefGroup = 83FC498CBBEA8CBE19FF2260 /* Products */;
			projectDirPath = "";
			projectRoot = "";
			targets = (
				253985F5F3A6A96FB003C770 /* CodexAudioMonitorApp */,
				8053F77C3AC536FE44BD61A4 /* CodexAudioMonitorTests */,
			);
		};
/* End PBXProject section */

/* Begin PBXResourcesBuildPhase section */
		26D58BC49CF399C7AB650014 /* Resources */ = {
			isa = PBXResourcesBuildPhase;
			buildActionMask = 2147483647;
			files = (
			);
			runOnlyForDeploymentPostprocessing = 0;
		};
		9DA2C5DBF561F16A0F6C01D0 /* Resources */ = {
			isa = PBXResourcesBuildPhase;
			buildActionMask = 2147483647;
			files = (
			);
			runOnlyForDeploymentPostprocessing = 0;
		};
/* End PBXResourcesBuildPhase section */

/* Begin PBXSourcesBuildPhase section */
		07EDA55B383BC26818E05887 /* Sources */ = {
			isa = PBXSourcesBuildPhase;
			buildActionMask = 2147483647;
			files = (
				A9E565BA3DC312E6962B7000 /* CodexAudioMonitorApp.swift in Sources */,
				39D872389635FD1AE362C3E7 /* AppGainStore.swift in Sources */,
				7737CFDF8DC3BAE552FE6434 /* AudioMonitorError.swift in Sources */,
				A73ABD4E8211718D35F83E18 /* AudioMonitoringService.swift in Sources */,
				A6146D349816C42106317F82 /* AudioMuteBackend.swift in Sources */,
				9A8B50FF639457C4FCD196D6 /* AudioProcessMonitor.swift in Sources */,
				95258ED5607B7808A30D3FB9 /* AudioProcessSnapshot.swift in Sources */,
				71FDB5D92380F0569BB0B289 /* AudioSession.swift in Sources */,
				A9996533F0A3FC71D560FDA9 /* CoreAudioOutputVolumeController.swift in Sources */,
				0679D77D3640E0D598816DE3 /* CoreAudioProcessSnapshotProvider.swift in Sources */,
				561585044F5C164F0A5D7FA5 /* CoreAudioTapMuteBackend.swift in Sources */,
				D0F80293CDDA7A44D52F6CFA /* CodexActionPlan.swift in Sources */,
				6AA21D895C77197B6F35741F /* CodexAuthState.swift in Sources */,
				1949CDB59C020287EB56F8E4 /* CodexBinaryLocator.swift in Sources */,
				C2615399BD01164B9828D363 /* CodexCLIIntegrationService.swift in Sources */,
				4C7E57EC356F70A75B9CC5C0 /* CodexCommandExecutor.swift in Sources */,
				0777E1236CBEE6956E02AC89 /* CodexConnectivityReport.swift in Sources */,
				A1A621C5AC67196F872F0EB8 /* CodexIntegrationError.swift in Sources */,
				6F18FA95C77E9B4A10FCFF26 /* CodexIntegrationService.swift in Sources */,
				3DA3155601458077DBD955B8 /* CodexLoginRunner.swift in Sources */,
				42FA1A14D98CA714521786E1 /* CodexOAuthCredentials.swift in Sources */,
				F381D40217417F97673AC9EF /* CodexRuntimeController.swift in Sources */,
				5A59D306E991F98751692B7D /* ProcessRunner.swift in Sources */,
				16E5912965AA495FD6F0BE4D /* DesignTokens.swift in Sources */,
				11FF08834EED8E6C78360F73 /* GlassStylingStrategy.swift in Sources */,
				E0EE1F68A37EAFFAEFFE5B09 /* AudioLevelAnimationView.swift in Sources */,
				C7D4AF70E30CC132D31278D0 /* AudioMenuView.swift in Sources */,
				8042CFC89B59E5DC66A9DD4F /* CodexStatusCardView.swift in Sources */,
				D02C607ACDF745E1748D840E /* SessionRowView.swift in Sources */,
				C05F689086A7418106C91278 /* SettingsView.swift in Sources */,
				4EEF5245180FF92E7D7C00AD /* StatusChipView.swift in Sources */,
			);
			runOnlyForDeploymentPostprocessing = 0;
		};
		2BD745646F9FF7F0CD342621 /* Sources */ = {
			isa = PBXSourcesBuildPhase;
			buildActionMask = 2147483647;
			files = (
				10D51D5C3815284812AAD154 /* AppGainStoreTests.swift in Sources */,
				2552973B42ABCF782ECC89C8 /* AudioProcessMonitorGainTests.swift in Sources */,
				308A3A918E91226AD9B8CDBE /* CodexCLIIntegrationServiceTests.swift in Sources */,
				53AF2069BC5C1A7EEEE1D4EB /* CodexConnectivityLiveTests.swift in Sources */,
				DB9BD1F2A27C3B3149874E25 /* CodexRuntimeControllerTests.swift in Sources */,
				8217611A83D707C3E9DC08C5 /* CodexTestDoubles.swift in Sources */,
			);
			runOnlyForDeploymentPostprocessing = 0;
		};
/* End PBXSourcesBuildPhase section */

/* Begin PBXTargetDependency section */
		ADD588742BEB50C84C70FECE /* PBXTargetDependency */ = {
			isa = PBXTargetDependency;
			name = CodexAudioMonitorApp;
			target = 253985F5F3A6A96FB003C770 /* CodexAudioMonitorApp */;
			targetProxy = 30459F79C3FDF3D6A0651D57 /* PBXContainerItemProxy */;
		};
/* End PBXTargetDependency section */

/* Begin XCBuildConfiguration section */
		1908D94AAD0FF33BB8C30A05 /* Release */ = {
			isa = XCBuildConfiguration;
			buildSettings = {
				ALWAYS_SEARCH_USER_PATHS = NO;
				CLANG_ANALYZER_NONNULL = YES;
				CLANG_ANALYZER_NUMBER_OBJECT_CONVERSION = YES_AGGRESSIVE;
				CLANG_CXX_LANGUAGE_STANDARD = "gnu++14";
				CLANG_CXX_LIBRARY = "libc++";
				CLANG_ENABLE_MODULES = YES;
				CLANG_ENABLE_OBJC_ARC = YES;
				CLANG_ENABLE_OBJC_WEAK = YES;
				CLANG_WARN_BLOCK_CAPTURE_AUTORELEASING = YES;
				CLANG_WARN_BOOL_CONVERSION = YES;
				CLANG_WARN_COMMA = YES;
				CLANG_WARN_CONSTANT_CONVERSION = YES;
				CLANG_WARN_DEPRECATED_OBJC_IMPLEMENTATIONS = YES;
				CLANG_WARN_DIRECT_OBJC_ISA_USAGE = YES_ERROR;
				CLANG_WARN_DOCUMENTATION_COMMENTS = YES;
				CLANG_WARN_EMPTY_BODY = YES;
				CLANG_WARN_ENUM_CONVERSION = YES;
				CLANG_WARN_INFINITE_RECURSION = YES;
				CLANG_WARN_INT_CONVERSION = YES;
				CLANG_WARN_NON_LITERAL_NULL_CONVERSION = YES;
				CLANG_WARN_OBJC_IMPLICIT_RETAIN_SELF = YES;
				CLANG_WARN_OBJC_LITERAL_CONVERSION = YES;
				CLANG_WARN_OBJC_ROOT_CLASS = YES_ERROR;
				CLANG_WARN_QUOTED_INCLUDE_IN_FRAMEWORK_HEADER = YES;
				CLANG_WARN_RANGE_LOOP_ANALYSIS = YES;
				CLANG_WARN_STRICT_PROTOTYPES = YES;
				CLANG_WARN_SUSPICIOUS_MOVE = YES;
				CLANG_WARN_UNGUARDED_AVAILABILITY = YES_AGGRESSIVE;
				CLANG_WARN_UNREACHABLE_CODE = YES;
				CLANG_WARN__DUPLICATE_METHOD_MATCH = YES;
				COPY_PHASE_STRIP = NO;
				DEBUG_INFORMATION_FORMAT = "dwarf-with-dsym";
				ENABLE_NS_ASSERTIONS = NO;
				ENABLE_STRICT_OBJC_MSGSEND = YES;
				GCC_C_LANGUAGE_STANDARD = gnu11;
				GCC_NO_COMMON_BLOCKS = YES;
				GCC_WARN_64_TO_32_BIT_CONVERSION = YES;
				GCC_WARN_ABOUT_RETURN_TYPE = YES_ERROR;
				GCC_WARN_UNDECLARED_SELECTOR = YES;
				GCC_WARN_UNINITIALIZED_AUTOS = YES_AGGRESSIVE;
				GCC_WARN_UNUSED_FUNCTION = YES;
				GCC_WARN_UNUSED_VARIABLE = YES;
				MTL_ENABLE_DEBUG_INFO = NO;
				MTL_FAST_MATH = YES;
				PRODUCT_NAME = "$(TARGET_NAME)";
				SWIFT_COMPILATION_MODE = wholemodule;
				SWIFT_OPTIMIZATION_LEVEL = "-O";
				SWIFT_VERSION = 5.0;
			};
			name = Release;
		};
		77440CC0B434505184664F82 /* Debug */ = {
			isa = XCBuildConfiguration;
			buildSettings = {
				BUNDLE_LOADER = "$(TEST_HOST)";
				CODE_SIGN_STYLE = Automatic;
				GENERATE_INFOPLIST_FILE = YES;
				MACOSX_DEPLOYMENT_TARGET = 15.0;
				PRODUCT_BUNDLE_IDENTIFIER = com.zickox.codexaudiomonitor.tests;
				SDKROOT = macosx;
				SWIFT_VERSION = 6.0;
				TEST_HOST = "$(BUILT_PRODUCTS_DIR)/CodexAudioMonitor.app/Contents/MacOS/CodexAudioMonitor";
			};
			name = Debug;
		};
		8140D01E8FF616E7377CB08D /* Release */ = {
			isa = XCBuildConfiguration;
			buildSettings = {
				BUNDLE_LOADER = "$(TEST_HOST)";
				CODE_SIGN_STYLE = Automatic;
				GENERATE_INFOPLIST_FILE = YES;
				MACOSX_DEPLOYMENT_TARGET = 15.0;
				PRODUCT_BUNDLE_IDENTIFIER = com.zickox.codexaudiomonitor.tests;
				SDKROOT = macosx;
				SWIFT_VERSION = 6.0;
				TEST_HOST = "$(BUILT_PRODUCTS_DIR)/CodexAudioMonitor.app/Contents/MacOS/CodexAudioMonitor";
			};
			name = Release;
		};
		98D0E56DE8DA4F83B1EAA6DA /* Release */ = {
			isa = XCBuildConfiguration;
			buildSettings = {
				ASSETCATALOG_COMPILER_APPICON_NAME = AppIcon;
				ASSETCATALOG_COMPILER_GLOBAL_ACCENT_COLOR_NAME = AccentColor;
				CODE_SIGN_STYLE = Automatic;
				COMBINE_HIDPI_IMAGES = YES;
				CURRENT_PROJECT_VERSION = 1;
				ENABLE_USER_SCRIPT_SANDBOXING = YES;
				GENERATE_INFOPLIST_FILE = NO;
				INFOPLIST_FILE = Sources/CodexAudioMonitor/App/Info.plist;
				LD_RUNPATH_SEARCH_PATHS = "$(inherited) @executable_path/../Frameworks";
				MACOSX_DEPLOYMENT_TARGET = 15.0;
				MARKETING_VERSION = 0.2.0;
				PRODUCT_BUNDLE_IDENTIFIER = com.zickox.codexaudiomonitor;
				PRODUCT_NAME = CodexAudioMonitor;
				SDKROOT = macosx;
				SWIFT_VERSION = 6.0;
			};
			name = Release;
		};
		9B74CDA8C0D7287E8D12A298 /* Debug */ = {
			isa = XCBuildConfiguration;
			buildSettings = {
				ASSETCATALOG_COMPILER_APPICON_NAME = AppIcon;
				ASSETCATALOG_COMPILER_GLOBAL_ACCENT_COLOR_NAME = AccentColor;
				CODE_SIGN_STYLE = Automatic;
				COMBINE_HIDPI_IMAGES = YES;
				CURRENT_PROJECT_VERSION = 1;
				ENABLE_USER_SCRIPT_SANDBOXING = YES;
				GENERATE_INFOPLIST_FILE = NO;
				INFOPLIST_FILE = Sources/CodexAudioMonitor/App/Info.plist;
				LD_RUNPATH_SEARCH_PATHS = "$(inherited) @executable_path/../Frameworks";
				MACOSX_DEPLOYMENT_TARGET = 15.0;
				MARKETING_VERSION = 0.2.0;
				PRODUCT_BUNDLE_IDENTIFIER = com.zickox.codexaudiomonitor;
				PRODUCT_NAME = CodexAudioMonitor;
				SDKROOT = macosx;
				SWIFT_VERSION = 6.0;
			};
			name = Debug;
		};
		D0242BEE465BB9D6AA48D868 /* Debug */ = {
			isa = XCBuildConfiguration;
			buildSettings = {
				ALWAYS_SEARCH_USER_PATHS = NO;
				CLANG_ANALYZER_NONNULL = YES;
				CLANG_ANALYZER_NUMBER_OBJECT_CONVERSION = YES_AGGRESSIVE;
				CLANG_CXX_LANGUAGE_STANDARD = "gnu++14";
				CLANG_CXX_LIBRARY = "libc++";
				CLANG_ENABLE_MODULES = YES;
				CLANG_ENABLE_OBJC_ARC = YES;
				CLANG_ENABLE_OBJC_WEAK = YES;
				CLANG_WARN_BLOCK_CAPTURE_AUTORELEASING = YES;
				CLANG_WARN_BOOL_CONVERSION = YES;
				CLANG_WARN_COMMA = YES;
				CLANG_WARN_CONSTANT_CONVERSION = YES;
				CLANG_WARN_DEPRECATED_OBJC_IMPLEMENTATIONS = YES;
				CLANG_WARN_DIRECT_OBJC_ISA_USAGE = YES_ERROR;
				CLANG_WARN_DOCUMENTATION_COMMENTS = YES;
				CLANG_WARN_EMPTY_BODY = YES;
				CLANG_WARN_ENUM_CONVERSION = YES;
				CLANG_WARN_INFINITE_RECURSION = YES;
				CLANG_WARN_INT_CONVERSION = YES;
				CLANG_WARN_NON_LITERAL_NULL_CONVERSION = YES;
				CLANG_WARN_OBJC_IMPLICIT_RETAIN_SELF = YES;
				CLANG_WARN_OBJC_LITERAL_CONVERSION = YES;
				CLANG_WARN_OBJC_ROOT_CLASS = YES_ERROR;
				CLANG_WARN_QUOTED_INCLUDE_IN_FRAMEWORK_HEADER = YES;
				CLANG_WARN_RANGE_LOOP_ANALYSIS = YES;
				CLANG_WARN_STRICT_PROTOTYPES = YES;
				CLANG_WARN_SUSPICIOUS_MOVE = YES;
				CLANG_WARN_UNGUARDED_AVAILABILITY = YES_AGGRESSIVE;
				CLANG_WARN_UNREACHABLE_CODE = YES;
				CLANG_WARN__DUPLICATE_METHOD_MATCH = YES;
				COPY_PHASE_STRIP = NO;
				DEBUG_INFORMATION_FORMAT = dwarf;
				ENABLE_STRICT_OBJC_MSGSEND = YES;
				ENABLE_TESTABILITY = YES;
				GCC_C_LANGUAGE_STANDARD = gnu11;
				GCC_DYNAMIC_NO_PIC = NO;
				GCC_NO_COMMON_BLOCKS = YES;
				GCC_OPTIMIZATION_LEVEL = 0;
				GCC_PREPROCESSOR_DEFINITIONS = (
					"DEBUG=1",
					"$(inherited)",
				);
				GCC_WARN_64_TO_32_BIT_CONVERSION = YES;
				GCC_WARN_ABOUT_RETURN_TYPE = YES_ERROR;
				GCC_WARN_UNDECLARED_SELECTOR = YES;
				GCC_WARN_UNINITIALIZED_AUTOS = YES_AGGRESSIVE;
				GCC_WARN_UNUSED_FUNCTION = YES;
				GCC_WARN_UNUSED_VARIABLE = YES;
				MTL_ENABLE_DEBUG_INFO = INCLUDE_SOURCE;
				MTL_FAST_MATH = YES;
				ONLY_ACTIVE_ARCH = YES;
				PRODUCT_NAME = "$(TARGET_NAME)";
				SWIFT_ACTIVE_COMPILATION_CONDITIONS = DEBUG;
				SWIFT_OPTIMIZATION_LEVEL = "-Onone";
				SWIFT_VERSION = 5.0;
			};
			name = Debug;
		};
/* End XCBuildConfiguration section */

/* Begin XCConfigurationList section */
		118F7E9B04801D9BEE493280 /* Build configuration list for PBXNativeTarget "CodexAudioMonitorTests" */ = {
			isa = XCConfigurationList;
			buildConfigurations = (
				8140D01E8FF616E7377CB08D /* Release */,
				77440CC0B434505184664F82 /* Debug */,
			);
			defaultConfigurationIsVisible = 0;
			defaultConfigurationName = Release;
		};
		69174C86BF2F2B6996BB6132 /* Build configuration list for PBXNativeTarget "CodexAudioMonitorApp" */ = {
			isa = XCConfigurationList;
			buildConfigurations = (
				98D0E56DE8DA4F83B1EAA6DA /* Release */,
				9B74CDA8C0D7287E8D12A298 /* Debug */,
			);
			defaultConfigurationIsVisible = 0;
			defaultConfigurationName = Release;
		};
		F884AAF28DAA1E3390FE86C3 /* Build configuration list for PBXProject "CodexAudioMonitor" */ = {
			isa = XCConfigurationList;
			buildConfigurations = (
				D0242BEE465BB9D6AA48D868 /* Debug */,
				1908D94AAD0FF33BB8C30A05 /* Release */,
			);
			defaultConfigurationIsVisible = 0;
			defaultConfigurationName = Release;
		};
/* End XCConfigurationList section */
	};
	rootObject = 3C194B1A67E34E104C675C4D /* Project object */;
}
